{
	"name": "sr2020-mm-track-analysis",
	"version": "0.1.0",
	"lockfileVersion": 1,
	"requires": true,
	"dependencies": {
		"moment": {
			"version": "2.29.1",
			"resolved": "https://registry.npmjs.org/moment/-/moment-2.29.1.tgz",
			"integrity": "sha512-kHmoybcPV8Sqy59DwNDY3Jefr64lK/by/da0ViFcuA4DH0vQg5Q6Ze5VimxkfQNSC+Mls/Kx53s7TjP1RhFEDQ=="
		},
		"moment-timezone": {
			"version": "0.5.32",
			"resolved": "https://registry.npmjs.org/moment-timezone/-/moment-timezone-0.5.32.tgz",
			"integrity": "sha512-Z8QNyuQHQAmWucp8Knmgei8YNo28aLjJq6Ma+jy1ZSpSk5nyfRT8xgUbSQvD2+2UajISfenndwvFuH3NGS+nvA==",
			"requires": {
				"moment": ">= 2.9.0"
			},
			"dependencies": {
				"moment": {
					"version": "2.29.1",
					"resolved": "https://registry.npmjs.org/moment/-/moment-2.29.1.tgz",
					"integrity": "sha512-kHmoybcPV8Sqy59DwNDY3Jefr64lK/by/da0ViFcuA4DH0vQg5Q6Ze5VimxkfQNSC+Mls/Kx53s7TjP1RhFEDQ=="
				}
			}
		},
		"nanoid": {
			"version": "2.1.11",
			"resolved": "https://registry.npmjs.org/nanoid/-/nanoid-2.1.11.tgz",
			"integrity": "sha512-s/snB+WGm6uwi0WjsZdaVcuf3KJXlfGl2LcxgwkEwJF0D/BWzVWAZW/XY4bFaiR7s0Jk3FPvlnepg1H1b1UwlA=="
		},
		"shortid": {
			"version": "2.2.15",
			"resolved": "https://registry.npmjs.org/shortid/-/shortid-2.2.15.tgz",
			"integrity": "sha512-5EaCy2mx2Jgc/Fdn9uuDuNIIfWBpzY4XIlhoqtXF6qsf+/+SGZ+FxDdX/ZsMZiWupIWNqAEmiNY4RC+LSmCeOw==",
			"requires": {
				"nanoid": "^2.1.0"
			}
		}
	}
}
