{
  "name": "sr2020-mm-client-core",
  "version": "1.0.0",
  "lockfileVersion": 1,
  "requires": true,
  "dependencies": {
    "@babel/runtime": {
      "version": "7.13.9",
      "resolved": "https://registry.npmjs.org/@babel/runtime/-/runtime-7.13.9.tgz",
      "integrity": "sha512-aY2kU+xgJ3dJ1eU6FMB9EH8dIe8dmusF1xEku52joLvw6eAFN0AI+WxCLDnpev2LEejWBAy2sBvBOBAjI3zmvA==",
      "requires": {
        "regenerator-runtime": "^0.13.4"
      }
    },
    "@geoman-io/leaflet-geoman-free": {
      "version": "2.9.0",
      "resolved": "https://registry.npmjs.org/@geoman-io/leaflet-geoman-free/-/leaflet-geoman-free-2.9.0.tgz",
      "integrity": "sha512-KTBxA1IY0uQ4/IB1bQ/pIUGEh+0pqYL8YaTjBgHw9/aQXxchXYz+lTL84HQcnbWsTkCSzdVKqEv/PPA/muQ6PQ==",
      "requires": {
        "@turf/boolean-contains": "^6.0.1",
        "@turf/kinks": "6.x",
        "@turf/line-intersect": "^6.0.2",
        "@turf/line-split": "^5.1.5",
        "lodash": "^4.17.15",
        "polygon-clipping": "^0.15.1"
      }
    },
    "@popperjs/core": {
      "version": "2.9.0",
      "resolved": "https://registry.npmjs.org/@popperjs/core/-/core-2.9.0.tgz",
      "integrity": "sha512-wjtKehFAIARq2OxK8j3JrggNlEslJfNuSm2ArteIbKyRMts2g0a7KzTxfRVNUM+O0gnBJ2hNV8nWPOYBgI1sew=="
    },
    "@restart/context": {
      "version": "2.1.4",
      "resolved": "https://registry.npmjs.org/@restart/context/-/context-2.1.4.tgz",
      "integrity": "sha512-INJYZQJP7g+IoDUh/475NlGiTeMfwTXUEr3tmRneckHIxNolGOW9CTq83S8cxq0CgJwwcMzMJFchxvlwe7Rk8Q=="
    },
    "@restart/hooks": {
      "version": "0.3.26",
      "resolved": "https://registry.npmjs.org/@restart/hooks/-/hooks-0.3.26.tgz",
      "integrity": "sha512-7Hwk2ZMYm+JLWcb7R9qIXk1OoUg1Z+saKWqZXlrvFwT3w6UArVNWgxYOzf+PJoK9zZejp8okPAKTctthhXLt5g==",
      "requires": {
        "lodash": "^4.17.20",
        "lodash-es": "^4.17.20"
      }
    },
    "@turf/bbox": {
      "version": "6.3.0",
      "resolved": "https://registry.npmjs.org/@turf/bbox/-/bbox-6.3.0.tgz",
      "integrity": "sha512-N4ue5Xopu1qieSHP2MA/CJGWHPKaTrVXQJjzHRNcY1vtsO126xbSaJhWUrFc5x5vVkXp0dcucGryO0r5m4o/KA==",
      "requires": {
        "@turf/helpers": "^6.3.0",
        "@turf/meta": "^6.3.0"
      }
    },
    "@turf/bearing": {
      "version": "5.1.5",
      "resolved": "https://registry.npmjs.org/@turf/bearing/-/bearing-5.1.5.tgz",
      "integrity": "sha1-egt5ATbE70eX8CRjBdRcvi0ns/c=",
      "requires": {
        "@turf/helpers": "^5.1.5",
        "@turf/invariant": "^5.1.5"
      },
      "dependencies": {
        "@turf/helpers": {
          "version": "5.1.5",
          "resolved": "https://registry.npmjs.org/@turf/helpers/-/helpers-5.1.5.tgz",
          "integrity": "sha1-FTQFInq5M9AEpbuWQantmZ/L4M8="
        },
        "@turf/invariant": {
          "version": "5.2.0",
          "resolved": "https://registry.npmjs.org/@turf/invariant/-/invariant-5.2.0.tgz",
          "integrity": "sha1-8BUP9ykLOFd7c9CIt5MsHuCqkKc=",
          "requires": {
            "@turf/helpers": "^5.1.5"
          }
        }
      }
    },
    "@turf/boolean-contains": {
      "version": "6.3.0",
      "resolved": "https://registry.npmjs.org/@turf/boolean-contains/-/boolean-contains-6.3.0.tgz",
      "integrity": "sha512-1MW7B5G5tIu1lnAv3pXyFzl75wfBYnbA2GhwHDb4okIXMhloy/r5uIqAZHo0fOXykKVJS/gIfA/MioKIftoTug==",
      "requires": {
        "@turf/bbox": "^6.3.0",
        "@turf/boolean-point-in-polygon": "^6.3.0",
        "@turf/boolean-point-on-line": "^6.3.0",
        "@turf/helpers": "^6.3.0",
        "@turf/invariant": "^6.3.0"
      }
    },
    "@turf/boolean-point-in-polygon": {
      "version": "6.3.0",
      "resolved": "https://registry.npmjs.org/@turf/boolean-point-in-polygon/-/boolean-point-in-polygon-6.3.0.tgz",
      "integrity": "sha512-NqFSsoE6OwhDK19IllDQRhEQEkF7UVEOlqH9vgS1fGg4T6NcyKvACJs05c9457tL7QSbV9ZS53f2qiLneFL+qg==",
      "requires": {
        "@turf/helpers": "^6.3.0",
        "@turf/invariant": "^6.3.0"
      }
    },
    "@turf/boolean-point-on-line": {
      "version": "6.3.0",
      "resolved": "https://registry.npmjs.org/@turf/boolean-point-on-line/-/boolean-point-on-line-6.3.0.tgz",
      "integrity": "sha512-eScH8sfKJVjfbEX5Hgkt1nA7A8DUoiYD1riUVqTp2xikujrMfnYRjFpL/UAo01v33cPKZlhCXp7NE86bdOSrYg==",
      "requires": {
        "@turf/helpers": "^6.3.0",
        "@turf/invariant": "^6.3.0"
      }
    },
    "@turf/destination": {
      "version": "5.1.5",
      "resolved": "https://registry.npmjs.org/@turf/destination/-/destination-5.1.5.tgz",
      "integrity": "sha1-7TU4G9zoO73cvQei4rzivd/7zCY=",
      "requires": {
        "@turf/helpers": "^5.1.5",
        "@turf/invariant": "^5.1.5"
      },
      "dependencies": {
        "@turf/helpers": {
          "version": "5.1.5",
          "resolved": "https://registry.npmjs.org/@turf/helpers/-/helpers-5.1.5.tgz",
          "integrity": "sha1-FTQFInq5M9AEpbuWQantmZ/L4M8="
        },
        "@turf/invariant": {
          "version": "5.2.0",
          "resolved": "https://registry.npmjs.org/@turf/invariant/-/invariant-5.2.0.tgz",
          "integrity": "sha1-8BUP9ykLOFd7c9CIt5MsHuCqkKc=",
          "requires": {
            "@turf/helpers": "^5.1.5"
          }
        }
      }
    },
    "@turf/distance": {
      "version": "5.1.5",
      "resolved": "https://registry.npmjs.org/@turf/distance/-/distance-5.1.5.tgz",
      "integrity": "sha1-Oc8YIEu/h1h9cH5gmmARiQkVZAk=",
      "requires": {
        "@turf/helpers": "^5.1.5",
        "@turf/invariant": "^5.1.5"
      },
      "dependencies": {
        "@turf/helpers": {
          "version": "5.1.5",
          "resolved": "https://registry.npmjs.org/@turf/helpers/-/helpers-5.1.5.tgz",
          "integrity": "sha1-FTQFInq5M9AEpbuWQantmZ/L4M8="
        },
        "@turf/invariant": {
          "version": "5.2.0",
          "resolved": "https://registry.npmjs.org/@turf/invariant/-/invariant-5.2.0.tgz",
          "integrity": "sha1-8BUP9ykLOFd7c9CIt5MsHuCqkKc=",
          "requires": {
            "@turf/helpers": "^5.1.5"
          }
        }
      }
    },
    "@turf/helpers": {
      "version": "6.3.0",
      "resolved": "https://registry.npmjs.org/@turf/helpers/-/helpers-6.3.0.tgz",
      "integrity": "sha512-kr6KuD4Z0GZ30tblTEvi90rvvVNlKieXuMC8CTzE/rVQb0/f/Cb29zCXxTD7giQTEQY/P2nRW23wEqqyNHulCg=="
    },
    "@turf/invariant": {
      "version": "6.3.0",
      "resolved": "https://registry.npmjs.org/@turf/invariant/-/invariant-6.3.0.tgz",
      "integrity": "sha512-2OFOi9p+QOrcIMySEnr+WlOiKaFZ1bY56jA98YyECewJHfhPFWUBZEhc4nWGRT0ahK08Vus9+gcuBX8QIpCIIw==",
      "requires": {
        "@turf/helpers": "^6.3.0"
      }
    },
    "@turf/kinks": {
      "version": "6.3.0",
      "resolved": "https://registry.npmjs.org/@turf/kinks/-/kinks-6.3.0.tgz",
      "integrity": "sha512-BLWvbl2/fa4SeJzVMbleT6Vo1cmzwmzRfxL2xxMei2jmf6JSvqDoMJFwIHGXrLZXvhOCb1b2C+MhBfhtc7kYkQ==",
      "requires": {
        "@turf/helpers": "^6.3.0"
      }
    },
    "@turf/line-intersect": {
      "version": "6.3.0",
      "resolved": "https://registry.npmjs.org/@turf/line-intersect/-/line-intersect-6.3.0.tgz",
      "integrity": "sha512-3naxR7XpkPd2vst3Mw6DFry4C9m3o0/f2n/xu5UAyxb88Ie4m2k+1eqkhzMMx/0L+E6iThWpLx7DASM6q6o9ow==",
      "requires": {
        "@turf/helpers": "^6.3.0",
        "@turf/invariant": "^6.3.0",
        "@turf/line-segment": "^6.3.0",
        "@turf/meta": "^6.3.0",
        "geojson-rbush": "3.x"
      }
    },
    "@turf/line-segment": {
      "version": "6.3.0",
      "resolved": "https://registry.npmjs.org/@turf/line-segment/-/line-segment-6.3.0.tgz",
      "integrity": "sha512-M+aDy83V+E7jYWNaf+b+A88yhnMrJhyg/lhAj6mU6UeB2PbruXB2qgSmmVDSE2dIknOvZZuIWNzEzUI07RO2kw==",
      "requires": {
        "@turf/helpers": "^6.3.0",
        "@turf/invariant": "^6.3.0",
        "@turf/meta": "^6.3.0"
      }
    },
    "@turf/line-split": {
      "version": "5.1.5",
      "resolved": "https://registry.npmjs.org/@turf/line-split/-/line-split-5.1.5.tgz",
      "integrity": "sha1-Wy30w3YZty73JbUWPPmSbVVArLc=",
      "requires": {
        "@turf/bbox": "^5.1.5",
        "@turf/helpers": "^5.1.5",
        "@turf/invariant": "^5.1.5",
        "@turf/line-intersect": "^5.1.5",
        "@turf/line-segment": "^5.1.5",
        "@turf/meta": "^5.1.5",
        "@turf/nearest-point-on-line": "^5.1.5",
        "@turf/square": "^5.1.5",
        "@turf/truncate": "^5.1.5",
        "geojson-rbush": "2.1.0"
      },
      "dependencies": {
        "@turf/bbox": {
          "version": "5.1.5",
          "resolved": "https://registry.npmjs.org/@turf/bbox/-/bbox-5.1.5.tgz",
          "integrity": "sha1-MFHfUUrUxQ9KT5uKLRX9i2hA7aM=",
          "requires": {
            "@turf/helpers": "^5.1.5",
            "@turf/meta": "^5.1.5"
          }
        },
        "@turf/helpers": {
          "version": "5.1.5",
          "resolved": "https://registry.npmjs.org/@turf/helpers/-/helpers-5.1.5.tgz",
          "integrity": "sha1-FTQFInq5M9AEpbuWQantmZ/L4M8="
        },
        "@turf/invariant": {
          "version": "5.2.0",
          "resolved": "https://registry.npmjs.org/@turf/invariant/-/invariant-5.2.0.tgz",
          "integrity": "sha1-8BUP9ykLOFd7c9CIt5MsHuCqkKc=",
          "requires": {
            "@turf/helpers": "^5.1.5"
          }
        },
        "@turf/line-intersect": {
          "version": "5.1.5",
          "resolved": "https://registry.npmjs.org/@turf/line-intersect/-/line-intersect-5.1.5.tgz",
          "integrity": "sha1-DikHGuQDKV5JFyO8SfXPrI0R3fM=",
          "requires": {
            "@turf/helpers": "^5.1.5",
            "@turf/invariant": "^5.1.5",
            "@turf/line-segment": "^5.1.5",
            "@turf/meta": "^5.1.5",
            "geojson-rbush": "2.1.0"
          }
        },
        "@turf/line-segment": {
          "version": "5.1.5",
          "resolved": "https://registry.npmjs.org/@turf/line-segment/-/line-segment-5.1.5.tgz",
          "integrity": "sha1-Mgeq7lRqskw9jcPMY/kcdwuAE+U=",
          "requires": {
            "@turf/helpers": "^5.1.5",
            "@turf/invariant": "^5.1.5",
            "@turf/meta": "^5.1.5"
          }
        },
        "@turf/meta": {
          "version": "5.2.0",
          "resolved": "https://registry.npmjs.org/@turf/meta/-/meta-5.2.0.tgz",
          "integrity": "sha1-OxrUhe4MOwsXdRMqMsOE1T5LpT0=",
          "requires": {
            "@turf/helpers": "^5.1.5"
          }
        },
        "geojson-rbush": {
          "version": "2.1.0",
          "resolved": "https://registry.npmjs.org/geojson-rbush/-/geojson-rbush-2.1.0.tgz",
          "integrity": "sha1-O9c745H8ELCuaT2bis6iquC4Oo0=",
          "requires": {
            "@turf/helpers": "*",
            "@turf/meta": "*",
            "rbush": "*"
          }
        }
      }
    },
    "@turf/meta": {
      "version": "6.3.0",
      "resolved": "https://registry.npmjs.org/@turf/meta/-/meta-6.3.0.tgz",
      "integrity": "sha512-qBJjaAJS9H3ap0HlGXyF/Bzfl0qkA9suafX/jnDsZvWMfVLt+s+o6twKrXOGk5t7nnNON2NFRC8+czxpu104EQ==",
      "requires": {
        "@turf/helpers": "^6.3.0"
      }
    },
    "@turf/nearest-point-on-line": {
      "version": "5.1.5",
      "resolved": "https://registry.npmjs.org/@turf/nearest-point-on-line/-/nearest-point-on-line-5.1.5.tgz",
      "integrity": "sha1-VgauKX8VlHUkvqUaKp71HsG/nDY=",
      "requires": {
        "@turf/bearing": "^5.1.5",
        "@turf/destination": "^5.1.5",
        "@turf/distance": "^5.1.5",
        "@turf/helpers": "^5.1.5",
        "@turf/invariant": "^5.1.5",
        "@turf/line-intersect": "^5.1.5",
        "@turf/meta": "^5.1.5"
      },
      "dependencies": {
        "@turf/helpers": {
          "version": "5.1.5",
          "resolved": "https://registry.npmjs.org/@turf/helpers/-/helpers-5.1.5.tgz",
          "integrity": "sha1-FTQFInq5M9AEpbuWQantmZ/L4M8="
        },
        "@turf/invariant": {
          "version": "5.2.0",
          "resolved": "https://registry.npmjs.org/@turf/invariant/-/invariant-5.2.0.tgz",
          "integrity": "sha1-8BUP9ykLOFd7c9CIt5MsHuCqkKc=",
          "requires": {
            "@turf/helpers": "^5.1.5"
          }
        },
        "@turf/line-intersect": {
          "version": "5.1.5",
          "resolved": "https://registry.npmjs.org/@turf/line-intersect/-/line-intersect-5.1.5.tgz",
          "integrity": "sha1-DikHGuQDKV5JFyO8SfXPrI0R3fM=",
          "requires": {
            "@turf/helpers": "^5.1.5",
            "@turf/invariant": "^5.1.5",
            "@turf/line-segment": "^5.1.5",
            "@turf/meta": "^5.1.5",
            "geojson-rbush": "2.1.0"
          }
        },
        "@turf/line-segment": {
          "version": "5.1.5",
          "resolved": "https://registry.npmjs.org/@turf/line-segment/-/line-segment-5.1.5.tgz",
          "integrity": "sha1-Mgeq7lRqskw9jcPMY/kcdwuAE+U=",
          "requires": {
            "@turf/helpers": "^5.1.5",
            "@turf/invariant": "^5.1.5",
            "@turf/meta": "^5.1.5"
          }
        },
        "@turf/meta": {
          "version": "5.2.0",
          "resolved": "https://registry.npmjs.org/@turf/meta/-/meta-5.2.0.tgz",
          "integrity": "sha1-OxrUhe4MOwsXdRMqMsOE1T5LpT0=",
          "requires": {
            "@turf/helpers": "^5.1.5"
          }
        },
        "geojson-rbush": {
          "version": "2.1.0",
          "resolved": "https://registry.npmjs.org/geojson-rbush/-/geojson-rbush-2.1.0.tgz",
          "integrity": "sha1-O9c745H8ELCuaT2bis6iquC4Oo0=",
          "requires": {
            "@turf/helpers": "*",
            "@turf/meta": "*",
            "rbush": "*"
          }
        }
      }
    },
    "@turf/square": {
      "version": "5.1.5",
      "resolved": "https://registry.npmjs.org/@turf/square/-/square-5.1.5.tgz",
      "integrity": "sha1-qnsh5gM8ySUsOlvW89iNq9b+0YA=",
      "requires": {
        "@turf/distance": "^5.1.5",
        "@turf/helpers": "^5.1.5"
      },
      "dependencies": {
        "@turf/helpers": {
          "version": "5.1.5",
          "resolved": "https://registry.npmjs.org/@turf/helpers/-/helpers-5.1.5.tgz",
          "integrity": "sha1-FTQFInq5M9AEpbuWQantmZ/L4M8="
        }
      }
    },
    "@turf/truncate": {
      "version": "5.1.5",
      "resolved": "https://registry.npmjs.org/@turf/truncate/-/truncate-5.1.5.tgz",
      "integrity": "sha1-nu37Oxi6gfLJjT6tCUMcyhiErYk=",
      "requires": {
        "@turf/helpers": "^5.1.5",
        "@turf/meta": "^5.1.5"
      },
      "dependencies": {
        "@turf/helpers": {
          "version": "5.1.5",
          "resolved": "https://registry.npmjs.org/@turf/helpers/-/helpers-5.1.5.tgz",
          "integrity": "sha1-FTQFInq5M9AEpbuWQantmZ/L4M8="
        },
        "@turf/meta": {
          "version": "5.2.0",
          "resolved": "https://registry.npmjs.org/@turf/meta/-/meta-5.2.0.tgz",
          "integrity": "sha1-OxrUhe4MOwsXdRMqMsOE1T5LpT0=",
          "requires": {
            "@turf/helpers": "^5.1.5"
          }
        }
      }
    },
    "@types/classnames": {
      "version": "2.2.11",
      "resolved": "https://registry.npmjs.org/@types/classnames/-/classnames-2.2.11.tgz",
      "integrity": "sha512-2koNhpWm3DgWRp5tpkiJ8JGc1xTn2q0l+jUNUE7oMKXUf5NpI9AIdC4kbjGNFBdHtcxBD18LAksoudAVhFKCjw=="
    },
    "@types/geojson": {
      "version": "7946.0.7",
      "resolved": "https://registry.npmjs.org/@types/geojson/-/geojson-7946.0.7.tgz",
      "integrity": "sha512-wE2v81i4C4Ol09RtsWFAqg3BUitWbHSpSlIo+bNdsCJijO9sjme+zm+73ZMCa/qMC8UEERxzGbvmr1cffo2SiQ=="
    },
    "@types/history": {
      "version": "4.7.8",
      "resolved": "https://registry.npmjs.org/@types/history/-/history-4.7.8.tgz",
      "integrity": "sha512-S78QIYirQcUoo6UJZx9CSP0O2ix9IaeAXwQi26Rhr/+mg7qqPy8TzaxHSUut7eGjL8WmLccT7/MXf304WjqHcA==",
      "dev": true
    },
    "@types/invariant": {
      "version": "2.2.34",
      "resolved": "https://registry.npmjs.org/@types/invariant/-/invariant-2.2.34.tgz",
      "integrity": "sha512-lYUtmJ9BqUN688fGY1U1HZoWT1/Jrmgigx2loq4ZcJpICECm/Om3V314BxdzypO0u5PORKGMM6x0OXaljV1YFg=="
    },
    "@types/leaflet": {
      "version": "1.5.23",
      "resolved": "https://registry.npmjs.org/@types/leaflet/-/leaflet-1.5.23.tgz",
      "integrity": "sha512-S/xpuwjZuwYMP+4ZzQ10PX0Jy+0XmwPeojtjqhbca9UXaINdoru91Qm/DUUXyh4qYm3CP6Vher06l/UcA9tUKQ==",
      "requires": {
        "@types/geojson": "*"
      }
    },
    "@types/prop-types": {
      "version": "15.7.3",
      "resolved": "https://registry.npmjs.org/@types/prop-types/-/prop-types-15.7.3.tgz",
      "integrity": "sha512-KfRL3PuHmqQLOG+2tGpRO26Ctg+Cq1E01D2DMriKEATHgWLfeNDmq9e29Q9WIky0dQ3NPkd1mzYH8Lm936Z9qw=="
    },
    "@types/ramda": {
      "version": "0.27.38",
      "resolved": "https://registry.npmjs.org/@types/ramda/-/ramda-0.27.38.tgz",
      "integrity": "sha512-tZoQ0lv1WKkrpBHemL8yCkI9p8kUk/1PSMwhl0eeyqMQjD+2ePUtVLV8PpNS9Kq3OktObwOx9I3k+HumxTviRg==",
      "dev": true,
      "requires": {
        "ts-toolbelt": "^6.15.1"
      }
    },
    "@types/react": {
      "version": "17.0.2",
      "resolved": "https://registry.npmjs.org/@types/react/-/react-17.0.2.tgz",
      "integrity": "sha512-Xt40xQsrkdvjn1EyWe1Bc0dJLcil/9x2vAuW7ya+PuQip4UYUaXyhzWmAbwRsdMgwOFHpfp7/FFZebDU6Y8VHA==",
      "requires": {
        "@types/prop-types": "*",
        "csstype": "^3.0.2"
      }
    },
    "@types/react-router": {
      "version": "5.1.12",
      "resolved": "https://registry.npmjs.org/@types/react-router/-/react-router-5.1.12.tgz",
      "integrity": "sha512-0bhXQwHYfMeJlCh7mGhc0VJTRm0Gk+Z8T00aiP4702mDUuLs9SMhnd2DitpjWFjdOecx2UXtICK14H9iMnziGA==",
      "dev": true,
      "requires": {
        "@types/history": "*",
        "@types/react": "*"
      }
    },
    "@types/react-router-dom": {
      "version": "5.1.7",
      "resolved": "https://registry.npmjs.org/@types/react-router-dom/-/react-router-dom-5.1.7.tgz",
      "integrity": "sha512-D5mHD6TbdV/DNHYsnwBTv+y73ei+mMjrkGrla86HthE4/PVvL1J94Bu3qABU+COXzpL23T1EZapVVpwHuBXiUg==",
      "dev": true,
      "requires": {
        "@types/history": "*",
        "@types/react": "*",
        "@types/react-router": "*"
      }
    },
    "@types/react-transition-group": {
      "version": "4.4.1",
      "resolved": "https://registry.npmjs.org/@types/react-transition-group/-/react-transition-group-4.4.1.tgz",
      "integrity": "sha512-vIo69qKKcYoJ8wKCJjwSgCTM+z3chw3g18dkrDfVX665tMH7tmbDxEAnPdey4gTlwZz5QuHGzd+hul0OVZDqqQ==",
      "requires": {
        "@types/react": "*"
      }
    },
    "@types/warning": {
      "version": "3.0.0",
      "resolved": "https://registry.npmjs.org/@types/warning/-/warning-3.0.0.tgz",
      "integrity": "sha1-DSUBJorY+ZYrdA04fEZU9fjiPlI="
    },
    "classnames": {
      "version": "2.2.6",
      "resolved": "https://registry.npmjs.org/classnames/-/classnames-2.2.6.tgz",
      "integrity": "sha512-JR/iSQOSt+LQIWwrwEzJ9uk0xfN3mTVYMwt1Ir5mUcSN6pU+V4zQFFaJsclJbPuAUQH+yfWef6tm7l1quW3C8Q=="
    },
    "color": {
      "version": "3.1.3",
      "resolved": "https://registry.npmjs.org/color/-/color-3.1.3.tgz",
      "integrity": "sha512-xgXAcTHa2HeFCGLE9Xs/R82hujGtu9Jd9x4NW3T34+OMs7VoPsjwzRczKHvTAHeJwWFwX5j15+MgAppE8ztObQ==",
      "requires": {
        "color-convert": "^1.9.1",
        "color-string": "^1.5.4"
      }
    },
    "color-convert": {
      "version": "1.9.3",
      "resolved": "https://registry.npmjs.org/color-convert/-/color-convert-1.9.3.tgz",
      "integrity": "sha512-QfAUtd+vFdAtFQcC8CCyYt1fYWxSqAiK2cSD6zDB8N3cpsEBAvRxp9zOGg6G/SHHJYAT88/az/IuDGALsNVbGg==",
      "requires": {
        "color-name": "1.1.3"
      }
    },
    "color-name": {
      "version": "1.1.3",
      "resolved": "https://registry.npmjs.org/color-name/-/color-name-1.1.3.tgz",
      "integrity": "sha1-p9BVi9icQveV3UIyj3QIMcpTvCU="
    },
    "color-string": {
      "version": "1.5.4",
      "resolved": "https://registry.npmjs.org/color-string/-/color-string-1.5.4.tgz",
      "integrity": "sha512-57yF5yt8Xa3czSEW1jfQDE79Idk0+AkN/4KWad6tbdxUmAs3MvjxlWSWD4deYytcRfoZ9nhKyFl1kj5tBvidbw==",
      "requires": {
        "color-name": "^1.0.0",
        "simple-swizzle": "^0.2.2"
      }
    },
    "csstype": {
      "version": "3.0.7",
      "resolved": "https://registry.npmjs.org/csstype/-/csstype-3.0.7.tgz",
      "integrity": "sha512-KxnUB0ZMlnUWCsx2Z8MUsr6qV6ja1w9ArPErJaJaF8a5SOWoHLIszeCTKGRGRgtLgYrs1E8CHkNSP1VZTTPc9g=="
    },
    "dom-helpers": {
      "version": "5.2.0",
      "resolved": "https://registry.npmjs.org/dom-helpers/-/dom-helpers-5.2.0.tgz",
      "integrity": "sha512-Ru5o9+V8CpunKnz5LGgWXkmrH/20cGKwcHwS4m73zIvs54CN9epEmT/HLqFJW3kXpakAFkEdzgy1hzlJe3E4OQ==",
      "requires": {
        "@babel/runtime": "^7.8.7",
        "csstype": "^3.0.2"
      }
    },
    "file-saver": {
      "version": "2.0.5",
      "resolved": "https://registry.npmjs.org/file-saver/-/file-saver-2.0.5.tgz",
      "integrity": "sha512-P9bmyZ3h/PRG+Nzga+rbdI4OEpNDzAVyy74uVO9ATgzLK6VtAsYybF/+TOCvrc0MO793d6+42lLyZTw7/ArVzA=="
    },
    "geojson-rbush": {
      "version": "3.1.2",
      "resolved": "https://registry.npmjs.org/geojson-rbush/-/geojson-rbush-3.1.2.tgz",
      "integrity": "sha512-grkfdg3HIeTjwTfiJe5FT8+fGU3fABCc+vRJDBwdQz9kkLF0Sbif2gs2JUzjewwgmnvLGy9fInySDeADoNuk7w==",
      "requires": {
        "@turf/bbox": "*",
        "@turf/helpers": "6.x",
        "@turf/meta": "6.x",
        "rbush": "^2.0.0"
      }
    },
    "invariant": {
      "version": "2.2.4",
      "resolved": "https://registry.npmjs.org/invariant/-/invariant-2.2.4.tgz",
      "integrity": "sha512-phJfQVBuaJM5raOpJjSfkiD6BpbCE4Ns//LaXl6wGYtUBY83nWS6Rf9tXm2e8VaK60JEjYldbPif/A2B1C2gNA==",
      "requires": {
        "loose-envify": "^1.0.0"
      }
    },
    "is-arrayish": {
      "version": "0.3.2",
      "resolved": "https://registry.npmjs.org/is-arrayish/-/is-arrayish-0.3.2.tgz",
      "integrity": "sha512-eVRqCvVlZbuw3GrM63ovNSNAeA1K16kaR/LRY/92w0zxQ5/1YzwblUX652i4Xs9RwAGjW9d9y6X88t8OaAJfWQ=="
    },
    "js-tokens": {
      "version": "4.0.0",
      "resolved": "https://registry.npmjs.org/js-tokens/-/js-tokens-4.0.0.tgz",
      "integrity": "sha512-RdJUflcE3cUzKiMqQgsCu06FPu9UdIJO0beYbPhHN4k6apgJtifcoCtT9bcxOpYBtpD2kCM6Sbzg4CausW/PKQ=="
    },
    "leaflet": {
      "version": "file:../sr2020-mm-event-engine/node_modules/leaflet",
      "integrity": "sha512-/xwPEBidtg69Q3HlqPdU3DnrXQOvQU/CCHA1tcDQVzOwm91YMYaILjNp7L4Eaw5Z4sOYdbBz6koWyibppd8Zqw=="
    },
    "leaflet.locatecontrol": {
      "version": "0.72.2",
      "resolved": "https://registry.npmjs.org/leaflet.locatecontrol/-/leaflet.locatecontrol-0.72.2.tgz",
      "integrity": "sha512-MNi7m+TlQFwiz5jq5W9vcGjwBHsh1PGxjKjONYd0NezuSLdj9dNjRsupLXtF2fNnX+s+tPNzP7V+Nmg6TKvhHA=="
    },
    "lodash": {
      "version": "4.17.20",
      "resolved": "https://registry.npmjs.org/lodash/-/lodash-4.17.20.tgz",
      "integrity": "sha512-PlhdFcillOINfeV7Ni6oF1TAEayyZBoZ8bcshTHqOYJYlrqzRK5hagpagky5o4HfCzzd1TRkXPMFq6cKk9rGmA=="
    },
    "lodash-es": {
      "version": "4.17.21",
      "resolved": "https://registry.npmjs.org/lodash-es/-/lodash-es-4.17.21.tgz",
      "integrity": "sha512-mKnC+QJ9pWVzv+C4/U3rRsHapFfHvQFoFB92e52xeyGMcX6/OlIl78je1u8vePzYZSkkogMPJ2yjxxsb89cxyw=="
    },
    "loose-envify": {
      "version": "1.4.0",
      "resolved": "https://registry.npmjs.org/loose-envify/-/loose-envify-1.4.0.tgz",
      "integrity": "sha512-lyuxPGr/Wfhrlem2CL/UcnUc1zcqKAImBDzukY7Y5F/yQiNdko6+fRLevlw1HgMySw7f611UIY408EtxRSoK3Q==",
      "requires": {
        "js-tokens": "^3.0.0 || ^4.0.0"
      }
    },
    "moment": {
      "version": "2.29.1",
      "resolved": "https://registry.npmjs.org/moment/-/moment-2.29.1.tgz",
      "integrity": "sha512-kHmoybcPV8Sqy59DwNDY3Jefr64lK/by/da0ViFcuA4DH0vQg5Q6Ze5VimxkfQNSC+Mls/Kx53s7TjP1RhFEDQ=="
    },
    "object-assign": {
      "version": "4.1.1",
      "resolved": "https://registry.npmjs.org/object-assign/-/object-assign-4.1.1.tgz",
      "integrity": "sha1-IQmtx5ZYh8/AXLvUQsrIv7s2CGM="
    },
    "polygon-clipping": {
      "version": "0.15.2",
      "resolved": "https://registry.npmjs.org/polygon-clipping/-/polygon-clipping-0.15.2.tgz",
      "integrity": "sha512-qsUFQSY4nA++1/b76dy0BJGwL0FZAk05Y4hZprctLIhAddE8KUUr3TxIF4sAxIQtjH9xvaBe3raaRQrcSI4wlA==",
      "requires": {
        "splaytree": "^3.1.0"
      }
    },
    "prop-types": {
      "version": "15.7.2",
      "resolved": "https://registry.npmjs.org/prop-types/-/prop-types-15.7.2.tgz",
      "integrity": "sha512-8QQikdH7//R2vurIJSutZ1smHYTcLpRWEOlHnzcWHmBYrOGUysKwSsrC89BCiFj3CbrfJ/nXFdJepOVrY1GCHQ==",
      "requires": {
        "loose-envify": "^1.4.0",
        "object-assign": "^4.1.1",
        "react-is": "^16.8.1"
      }
    },
    "prop-types-extra": {
      "version": "1.1.1",
      "resolved": "https://registry.npmjs.org/prop-types-extra/-/prop-types-extra-1.1.1.tgz",
      "integrity": "sha512-59+AHNnHYCdiC+vMwY52WmvP5dM3QLeoumYuEyceQDi9aEhtwN9zIQ2ZNo25sMyXnbh32h+P1ezDsUpUH3JAew==",
      "requires": {
        "react-is": "^16.3.2",
        "warning": "^4.0.0"
      }
    },
    "quickselect": {
      "version": "1.1.1",
      "resolved": "https://registry.npmjs.org/quickselect/-/quickselect-1.1.1.tgz",
      "integrity": "sha512-qN0Gqdw4c4KGPsBOQafj6yj/PA6c/L63f6CaZ/DCF/xF4Esu3jVmKLUDYxghFx8Kb/O7y9tI7x2RjTSXwdK1iQ=="
    },
    "ramda": {
      "version": "0.27.1",
      "resolved": "https://registry.npmjs.org/ramda/-/ramda-0.27.1.tgz",
      "integrity": "sha512-PgIdVpn5y5Yns8vqb8FzBUEYn98V3xcPgawAkkgj0YJ0qDsnHCiNmZYfOGMgOvoB0eWFLpYbhxUR3mxfDIMvpw=="
    },
    "rbush": {
      "version": "2.0.2",
      "resolved": "https://registry.npmjs.org/rbush/-/rbush-2.0.2.tgz",
      "integrity": "sha512-XBOuALcTm+O/H8G90b6pzu6nX6v2zCKiFG4BJho8a+bY6AER6t8uQUZdi5bomQc0AprCWhEGa7ncAbbRap0bRA==",
      "requires": {
        "quickselect": "^1.0.1"
      }
    },
    "react": {
      "version": "file:https:/registry.npmjs.org/react/-/react-17.0.1.tgz",
      "integrity": "sha512-lG9c9UuMHdcAexXtigOZLX8exLWkW0Ku29qPRU8uhF2R9BN96dLCt0psvzPLlHc5OWkgymP3qwTRgbnw5BKx3w==",
      "requires": {
        "loose-envify": "^1.1.0",
        "object-assign": "^4.1.1"
      },
      "dependencies": {
        "js-tokens": {
          "version": "4.0.0",
          "resolved": "https://registry.npmjs.org/js-tokens/-/js-tokens-4.0.0.tgz",
          "integrity": "sha512-RdJUflcE3cUzKiMqQgsCu06FPu9UdIJO0beYbPhHN4k6apgJtifcoCtT9bcxOpYBtpD2kCM6Sbzg4CausW/PKQ=="
        },
        "loose-envify": {
          "version": "1.4.0",
          "resolved": "https://registry.npmjs.org/loose-envify/-/loose-envify-1.4.0.tgz",
          "integrity": "sha512-lyuxPGr/Wfhrlem2CL/UcnUc1zcqKAImBDzukY7Y5F/yQiNdko6+fRLevlw1HgMySw7f611UIY408EtxRSoK3Q==",
          "requires": {
            "js-tokens": "^3.0.0 || ^4.0.0"
          }
        },
        "object-assign": {
          "version": "4.1.1",
          "resolved": "https://registry.npmjs.org/object-assign/-/object-assign-4.1.1.tgz",
          "integrity": "sha1-IQmtx5ZYh8/AXLvUQsrIv7s2CGM="
        }
      }
    },
    "react-bootstrap": {
      "version": "1.5.1",
      "resolved": "https://registry.npmjs.org/react-bootstrap/-/react-bootstrap-1.5.1.tgz",
      "integrity": "sha512-jbJNGx9n4JvKgxlvT8DLKSeF3VcqnPJXS9LFdzoZusiZCCGoYecZ9qSCBH5n2A+kjmuura9JkvxI9l7HD+bIdQ==",
      "requires": {
        "@babel/runtime": "^7.4.2",
        "@restart/context": "^2.1.4",
        "@restart/hooks": "^0.3.21",
        "@types/classnames": "^2.2.10",
        "@types/invariant": "^2.2.33",
        "@types/prop-types": "^15.7.3",
        "@types/react": ">=16.9.35",
        "@types/react-transition-group": "^4.4.0",
        "@types/warning": "^3.0.0",
        "classnames": "^2.2.6",
        "dom-helpers": "^5.1.2",
        "invariant": "^2.2.4",
        "prop-types": "^15.7.2",
        "prop-types-extra": "^1.1.0",
        "react-overlays": "^5.0.0",
        "react-transition-group": "^4.4.1",
        "uncontrollable": "^7.0.0",
        "warning": "^4.0.3"
      }
    },
    "react-i18next": {
      "version": "file:https:/registry.npmjs.org/react-i18next/-/react-i18next-11.8.6.tgz",
      "integrity": "sha512-Nr4Fq7BvzDLJQmaDyJRkPPINgMW1Y1qeT4STBoY/ePGmYlCZGShTYqqyBm0ly6M8dV1X0twt7M5dfmDzfi9yGQ==",
      "requires": {
        "@babel/runtime": "^7.3.1",
        "html-parse-stringify2": "2.0.1"
      },
      "dependencies": {
        "@babel/runtime": {
          "version": "7.13.9",
          "resolved": "https://registry.npmjs.org/@babel/runtime/-/runtime-7.13.9.tgz",
          "integrity": "sha512-aY2kU+xgJ3dJ1eU6FMB9EH8dIe8dmusF1xEku52joLvw6eAFN0AI+WxCLDnpev2LEejWBAy2sBvBOBAjI3zmvA==",
          "requires": {
            "regenerator-runtime": "^0.13.4"
          }
        },
        "html-parse-stringify2": {
          "version": "2.0.1",
          "resolved": "https://registry.npmjs.org/html-parse-stringify2/-/html-parse-stringify2-2.0.1.tgz",
          "integrity": "sha1-3FZwtyksoVi3vJFsmmc1rIhyg0o=",
          "requires": {
            "void-elements": "^2.0.1"
          }
        },
        "regenerator-runtime": {
          "version": "0.13.7",
          "resolved": "https://registry.npmjs.org/regenerator-runtime/-/regenerator-runtime-0.13.7.tgz",
          "integrity": "sha512-a54FxoJDIr27pgf7IgeQGxmqUNYrcV338lf/6gH456HZ/PhX+5BcwHXG9ajESmwe6WRO0tAzRUrRmNONWgkrew=="
        },
        "void-elements": {
          "version": "2.0.1",
          "resolved": "https://registry.npmjs.org/void-elements/-/void-elements-2.0.1.tgz",
          "integrity": "sha1-wGavtYK7HLQSjWDqkjkulNXp2+w="
        }
      }
    },
    "react-is": {
      "version": "16.13.1",
      "resolved": "https://registry.npmjs.org/react-is/-/react-is-16.13.1.tgz",
      "integrity": "sha512-24e6ynE2H+OKt4kqsOvNd8kBpV65zoxbA4BVsEOB3ARVWQki/DHzaUoC5KuON/BiccDaCCTZBuOcfZs70kR8bQ=="
    },
    "react-lifecycles-compat": {
      "version": "3.0.4",
      "resolved": "https://registry.npmjs.org/react-lifecycles-compat/-/react-lifecycles-compat-3.0.4.tgz",
      "integrity": "sha512-fBASbA6LnOU9dOU2eW7aQ8xmYBSXUIWr+UmF9b1efZBazGNO+rcXT/icdKnYm2pTwcRylVUYwW7H1PHfLekVzA=="
    },
    "react-overlays": {
      "version": "5.0.0",
      "resolved": "https://registry.npmjs.org/react-overlays/-/react-overlays-5.0.0.tgz",
      "integrity": "sha512-TKbqfAv23TFtCJ2lzISdx76p97G/DP8Rp4TOFdqM9n8GTruVYgE3jX7Zgb8+w7YJ18slTVcDTQ1/tFzdCqjVhA==",
      "requires": {
        "@babel/runtime": "^7.12.1",
        "@popperjs/core": "^2.5.3",
        "@restart/hooks": "^0.3.25",
        "@types/warning": "^3.0.0",
        "dom-helpers": "^5.2.0",
        "prop-types": "^15.7.2",
        "uncontrollable": "^7.0.0",
        "warning": "^4.0.3"
      }
    },
    "react-router-dom": {
      "version": "file:https:/registry.npmjs.org/react-router-dom/-/react-router-dom-5.2.0.tgz",
      "integrity": "sha512-gxAmfylo2QUjcwxI63RhQ5G85Qqt4voZpUXSEqCwykV0baaOTQDR1f0PmY8AELqIyVc0NEZUj0Gov5lNGcXgsA==",
      "requires": {
        "@babel/runtime": "^7.1.2",
        "history": "^4.9.0",
        "loose-envify": "^1.3.1",
        "prop-types": "^15.6.2",
        "react-router": "5.2.0",
        "tiny-invariant": "^1.0.2",
        "tiny-warning": "^1.0.0"
      },
      "dependencies": {
        "@babel/runtime": {
          "version": "7.13.9",
          "resolved": "https://registry.npmjs.org/@babel/runtime/-/runtime-7.13.9.tgz",
          "integrity": "sha512-aY2kU+xgJ3dJ1eU6FMB9EH8dIe8dmusF1xEku52joLvw6eAFN0AI+WxCLDnpev2LEejWBAy2sBvBOBAjI3zmvA==",
          "requires": {
            "regenerator-runtime": "^0.13.4"
          }
        },
        "history": {
          "version": "4.10.1",
          "resolved": "https://registry.npmjs.org/history/-/history-4.10.1.tgz",
          "integrity": "sha512-36nwAD620w12kuzPAsyINPWJqlNbij+hpK1k9XRloDtym8mxzGYl2c17LnV6IAGB2Dmg4tEa7G7DlawS0+qjew==",
          "requires": {
            "@babel/runtime": "^7.1.2",
            "loose-envify": "^1.2.0",
            "resolve-pathname": "^3.0.0",
            "tiny-invariant": "^1.0.2",
            "tiny-warning": "^1.0.0",
            "value-equal": "^1.0.1"
          }
        },
        "hoist-non-react-statics": {
          "version": "3.3.2",
          "resolved": "https://registry.npmjs.org/hoist-non-react-statics/-/hoist-non-react-statics-3.3.2.tgz",
          "integrity": "sha512-/gGivxi8JPKWNm/W0jSmzcMPpfpPLc3dY/6GxhX2hQ9iGj3aDfklV4ET7NjKpSinLpJ5vafa9iiGIEZg10SfBw==",
          "requires": {
            "react-is": "^16.7.0"
          }
        },
        "isarray": {
          "version": "0.0.1",
          "resolved": "https://registry.npmjs.org/isarray/-/isarray-0.0.1.tgz",
          "integrity": "sha1-ihis/Kmo9Bd+Cav8YDiTmwXR7t8="
        },
        "js-tokens": {
          "version": "4.0.0",
          "resolved": "https://registry.npmjs.org/js-tokens/-/js-tokens-4.0.0.tgz",
          "integrity": "sha512-RdJUflcE3cUzKiMqQgsCu06FPu9UdIJO0beYbPhHN4k6apgJtifcoCtT9bcxOpYBtpD2kCM6Sbzg4CausW/PKQ=="
        },
        "loose-envify": {
          "version": "1.4.0",
          "resolved": "https://registry.npmjs.org/loose-envify/-/loose-envify-1.4.0.tgz",
          "integrity": "sha512-lyuxPGr/Wfhrlem2CL/UcnUc1zcqKAImBDzukY7Y5F/yQiNdko6+fRLevlw1HgMySw7f611UIY408EtxRSoK3Q==",
          "requires": {
            "js-tokens": "^3.0.0 || ^4.0.0"
          }
        },
        "mini-create-react-context": {
          "version": "0.4.1",
          "resolved": "https://registry.npmjs.org/mini-create-react-context/-/mini-create-react-context-0.4.1.tgz",
          "integrity": "sha512-YWCYEmd5CQeHGSAKrYvXgmzzkrvssZcuuQDDeqkT+PziKGMgE+0MCCtcKbROzocGBG1meBLl2FotlRwf4gAzbQ==",
          "requires": {
            "@babel/runtime": "^7.12.1",
            "tiny-warning": "^1.0.3"
          }
        },
        "object-assign": {
          "version": "4.1.1",
          "resolved": "https://registry.npmjs.org/object-assign/-/object-assign-4.1.1.tgz",
          "integrity": "sha1-IQmtx5ZYh8/AXLvUQsrIv7s2CGM="
        },
        "path-to-regexp": {
          "version": "1.8.0",
          "resolved": "https://registry.npmjs.org/path-to-regexp/-/path-to-regexp-1.8.0.tgz",
          "integrity": "sha512-n43JRhlUKUAlibEJhPeir1ncUID16QnEjNpwzNdO3Lm4ywrBpBZ5oLD0I6br9evr1Y9JTqwRtAh7JLoOzAQdVA==",
          "requires": {
            "isarray": "0.0.1"
          }
        },
        "prop-types": {
          "version": "15.7.2",
          "resolved": "https://registry.npmjs.org/prop-types/-/prop-types-15.7.2.tgz",
          "integrity": "sha512-8QQikdH7//R2vurIJSutZ1smHYTcLpRWEOlHnzcWHmBYrOGUysKwSsrC89BCiFj3CbrfJ/nXFdJepOVrY1GCHQ==",
          "requires": {
            "loose-envify": "^1.4.0",
            "object-assign": "^4.1.1",
            "react-is": "^16.8.1"
          }
        },
        "react-is": {
          "version": "16.13.1",
          "resolved": "https://registry.npmjs.org/react-is/-/react-is-16.13.1.tgz",
          "integrity": "sha512-24e6ynE2H+OKt4kqsOvNd8kBpV65zoxbA4BVsEOB3ARVWQki/DHzaUoC5KuON/BiccDaCCTZBuOcfZs70kR8bQ=="
        },
        "react-router": {
          "version": "5.2.0",
          "resolved": "https://registry.npmjs.org/react-router/-/react-router-5.2.0.tgz",
          "integrity": "sha512-smz1DUuFHRKdcJC0jobGo8cVbhO3x50tCL4icacOlcwDOEQPq4TMqwx3sY1TP+DvtTgz4nm3thuo7A+BK2U0Dw==",
          "requires": {
            "@babel/runtime": "^7.1.2",
            "history": "^4.9.0",
            "hoist-non-react-statics": "^3.1.0",
            "loose-envify": "^1.3.1",
            "mini-create-react-context": "^0.4.0",
            "path-to-regexp": "^1.7.0",
            "prop-types": "^15.6.2",
            "react-is": "^16.6.0",
            "tiny-invariant": "^1.0.2",
            "tiny-warning": "^1.0.0"
          }
        },
        "regenerator-runtime": {
          "version": "0.13.7",
          "resolved": "https://registry.npmjs.org/regenerator-runtime/-/regenerator-runtime-0.13.7.tgz",
          "integrity": "sha512-a54FxoJDIr27pgf7IgeQGxmqUNYrcV338lf/6gH456HZ/PhX+5BcwHXG9ajESmwe6WRO0tAzRUrRmNONWgkrew=="
        },
        "resolve-pathname": {
          "version": "3.0.0",
          "resolved": "https://registry.npmjs.org/resolve-pathname/-/resolve-pathname-3.0.0.tgz",
          "integrity": "sha512-C7rARubxI8bXFNB/hqcp/4iUeIXJhJZvFPFPiSPRnhU5UPxzMFIl+2E6yY6c4k9giDJAhtV+enfA+G89N6Csng=="
        },
        "tiny-invariant": {
          "version": "1.1.0",
          "resolved": "https://registry.npmjs.org/tiny-invariant/-/tiny-invariant-1.1.0.tgz",
          "integrity": "sha512-ytxQvrb1cPc9WBEI/HSeYYoGD0kWnGEOR8RY6KomWLBVhqz0RgTwVO9dLrGz7dC+nN9llyI7OKAgRq8Vq4ZBSw=="
        },
        "tiny-warning": {
          "version": "1.0.3",
          "resolved": "https://registry.npmjs.org/tiny-warning/-/tiny-warning-1.0.3.tgz",
          "integrity": "sha512-lBN9zLN/oAf68o3zNXYrdCt1kP8WsiGW8Oo2ka41b2IM5JL/S1CTyX1rW0mb/zSuJun0ZUrDxx4sqvYS2FWzPA=="
        },
        "value-equal": {
          "version": "1.0.1",
          "resolved": "https://registry.npmjs.org/value-equal/-/value-equal-1.0.1.tgz",
          "integrity": "sha512-NOJ6JZCAWr0zlxZt+xqCHNTEKOsrks2HQd4MqhP1qy4z1SkbEP467eNx6TgDKXMvUOb+OENfJCZwM+16n7fRfw=="
        }
      }
    },
    "react-transition-group": {
      "version": "4.4.1",
      "resolved": "https://registry.npmjs.org/react-transition-group/-/react-transition-group-4.4.1.tgz",
      "integrity": "sha512-Djqr7OQ2aPUiYurhPalTrVy9ddmFCCzwhqQmtN+J3+3DzLO209Fdr70QrN8Z3DsglWql6iY1lDWAfpFiBtuKGw==",
      "requires": {
        "@babel/runtime": "^7.5.5",
        "dom-helpers": "^5.0.1",
        "loose-envify": "^1.4.0",
        "prop-types": "^15.6.2"
      }
    },
    "regenerator-runtime": {
      "version": "0.13.7",
      "resolved": "https://registry.npmjs.org/regenerator-runtime/-/regenerator-runtime-0.13.7.tgz",
      "integrity": "sha512-a54FxoJDIr27pgf7IgeQGxmqUNYrcV338lf/6gH456HZ/PhX+5BcwHXG9ajESmwe6WRO0tAzRUrRmNONWgkrew=="
    },
    "simple-swizzle": {
      "version": "0.2.2",
      "resolved": "https://registry.npmjs.org/simple-swizzle/-/simple-swizzle-0.2.2.tgz",
      "integrity": "sha1-pNprY1/8zMoz9w0Xy5JZLeleVXo=",
      "requires": {
        "is-arrayish": "^0.3.1"
      }
    },
    "splaytree": {
      "version": "3.1.0",
      "resolved": "https://registry.npmjs.org/splaytree/-/splaytree-3.1.0.tgz",
      "integrity": "sha512-gvUGR7xnOy0fLKTCxDeUZYgU/I1Tdf8M/lM1Qrf8L2TIOR5ipZjGk02uYcdv0o2x7WjVRgpm3iS2clLyuVAt0Q=="
    },
    "ts-toolbelt": {
      "version": "6.15.5",
      "resolved": "https://registry.npmjs.org/ts-toolbelt/-/ts-toolbelt-6.15.5.tgz",
      "integrity": "sha512-FZIXf1ksVyLcfr7M317jbB67XFJhOO1YqdTcuGaq9q5jLUoTikukZ+98TPjKiP2jC5CgmYdWWYs0s2nLSU0/1A==",
      "dev": true
    },
    "typescript": {
      "version": "4.1.5",
      "resolved": "https://registry.npmjs.org/typescript/-/typescript-4.1.5.tgz",
      "integrity": "sha512-6OSu9PTIzmn9TCDiovULTnET6BgXtDYL4Gg4szY+cGsc3JP1dQL8qvE8kShTRx1NIw4Q9IBHlwODjkjWEtMUyA==",
      "dev": true
    },
    "uncontrollable": {
      "version": "7.2.1",
      "resolved": "https://registry.npmjs.org/uncontrollable/-/uncontrollable-7.2.1.tgz",
      "integrity": "sha512-svtcfoTADIB0nT9nltgjujTi7BzVmwjZClOmskKu/E8FW9BXzg9os8OLr4f8Dlnk0rYWJIWr4wv9eKUXiQvQwQ==",
      "requires": {
        "@babel/runtime": "^7.6.3",
        "@types/react": ">=16.9.11",
        "invariant": "^2.2.4",
        "react-lifecycles-compat": "^3.0.4"
      }
    },
    "warning": {
      "version": "4.0.3",
      "resolved": "https://registry.npmjs.org/warning/-/warning-4.0.3.tgz",
      "integrity": "sha512-rpJyN222KWIvHJ/F53XSZv0Zl/accqHR8et1kpaMTD/fLCRxtV8iX8czMzY7sVZupTI3zcUTg8eycS2kNF9l6w==",
      "requires": {
        "loose-envify": "^1.0.0"
      }
    }
  }
}
