{
	"name": "sr2020-mm-data",
	"version": "1.0.0",
	"lockfileVersion": 1,
	"requires": true,
	"dependencies": {
		"@thi.ng/api": {
			"version": "6.13.6",
			"resolved": "https://registry.npmjs.org/@thi.ng/api/-/api-6.13.6.tgz",
			"integrity": "sha512-r1qJR2QaODkhG0poOKAkFIaHYeGF3rYuh/eaGx+4mBjA+jUCRlqQNr/yP1DsjMEVbjlE1jqS5apQvnfSmQlOvg=="
		},
		"@thi.ng/arrays": {
			"version": "0.10.1",
			"resolved": "https://registry.npmjs.org/@thi.ng/arrays/-/arrays-0.10.1.tgz",
			"integrity": "sha512-6LPLFO/9rz8x6Ir3+Lo/eTV1dmhPGUTqvLBUoTlxlNQulAgEVsKTCnkwFMldaesas8wqGOj8xinwRRq64WBPcA==",
			"requires": {
				"@thi.ng/api": "^6.13.6",
				"@thi.ng/checks": "^2.8.0",
				"@thi.ng/compare": "^1.3.22",
				"@thi.ng/equiv": "^1.0.35",
				"@thi.ng/errors": "^1.2.26",
				"@thi.ng/random": "^2.2.0"
			}
		},
		"@thi.ng/binary": {
			"version": "2.0.21",
			"resolved": "https://registry.npmjs.org/@thi.ng/binary/-/binary-2.0.21.tgz",
			"integrity": "sha512-LtLsWlw9U8b4K2Guv2P7cMaKXZmZnz3Bdbg9mqigXkzXzmMiuC115NuqjzJoI3fvMr2NcwVHBa1cPZ6T+zK/1w==",
			"requires": {
				"@thi.ng/api": "^6.13.6"
			}
		},
		"@thi.ng/checks": {
			"version": "2.8.0",
			"resolved": "https://registry.npmjs.org/@thi.ng/checks/-/checks-2.8.0.tgz",
			"integrity": "sha512-sAfnR+Az6y7LlK7nAWb0WRo6JTqPI9MhImZHYcQrFYwMT+IYIVhv7Vv96OrybKs2C2wxukCYAlgrhcaOfXe+QA==",
			"requires": {
				"tslib": "2.0.1"
			}
		},
		"@thi.ng/compare": {
			"version": "1.3.22",
			"resolved": "https://registry.npmjs.org/@thi.ng/compare/-/compare-1.3.22.tgz",
			"integrity": "sha512-yCCym5BiD+0G+YASw8TSAyNwXaOU2lnBd2HBUHRd6NdcjDBzqwdNtI3ih51+jDgtw2jVSGbD0HelKczt4BsJyA==",
			"requires": {
				"@thi.ng/api": "^6.13.6"
			}
		},
		"@thi.ng/compose": {
			"version": "1.4.23",
			"resolved": "https://registry.npmjs.org/@thi.ng/compose/-/compose-1.4.23.tgz",
			"integrity": "sha512-ueuvICBbYG0Ux9+J0EI6pDJTX9+NosRDQmFcyHQMc6OcOPnc3kYBQSGg8DAtUaC1tyr+G4aHLTWuNNcwNp+QCw==",
			"requires": {
				"@thi.ng/api": "^6.13.6",
				"@thi.ng/errors": "^1.2.26"
			}
		},
		"@thi.ng/equiv": {
			"version": "1.0.35",
			"resolved": "https://registry.npmjs.org/@thi.ng/equiv/-/equiv-1.0.35.tgz",
			"integrity": "sha512-pQuu3iVAF382h/O6VihM4riGmw2Gzq6yv+m2drYqICsh6Mt5MyxwYjR1txQrZyi7WOFlQdeiRiupsZxBdPdOOw=="
		},
		"@thi.ng/errors": {
			"version": "1.2.26",
			"resolved": "https://registry.npmjs.org/@thi.ng/errors/-/errors-1.2.26.tgz",
			"integrity": "sha512-x7x4OhcthZ9obcisx0DNA1uzGh6mrG6Mjs+ATRafcfrmqxb/XyYuTLxswwfU60ZJmqz2ynyFESLTmBs9pOJn7A=="
		},
		"@thi.ng/geom-api": {
			"version": "1.1.4",
			"resolved": "https://registry.npmjs.org/@thi.ng/geom-api/-/geom-api-1.1.4.tgz",
			"integrity": "sha512-h4VKsKcLuteml3BNNJVzHSUyj1WdOYBcDq8eWvmgPLSzj3qSSkVSDIWvDgebd9td7RG61HHGPC4K4EEZvbW4mg==",
			"requires": {
				"@thi.ng/api": "^6.13.4",
				"@thi.ng/vectors": "^4.8.2"
			}
		},
		"@thi.ng/geom-poly-utils": {
			"version": "0.2.2",
			"resolved": "https://registry.npmjs.org/@thi.ng/geom-poly-utils/-/geom-poly-utils-0.2.2.tgz",
			"integrity": "sha512-zcibMb3861HvDmTeoTTcCFLF0+osJ3h7SyGudws4l9VVhz7OaYcZ6xR1tkgdwq9JUr70ngyGw3W2/8DjnenYQQ==",
			"requires": {
				"@thi.ng/api": "^6.13.4",
				"@thi.ng/errors": "^1.2.24",
				"@thi.ng/geom-api": "^1.1.4",
				"@thi.ng/math": "^2.2.2",
				"@thi.ng/vectors": "^4.8.2"
			}
		},
		"@thi.ng/hex": {
			"version": "0.1.3",
			"resolved": "https://registry.npmjs.org/@thi.ng/hex/-/hex-0.1.3.tgz",
			"integrity": "sha512-TPexHY7kHeDwZDooW8pv/uVBbqE841hstLrtZdtJk7FRbG5zpceTLbbxAtbX3pEbfEaTSn/lArt2aMjAmatsBw=="
		},
		"@thi.ng/math": {
			"version": "2.2.2",
			"resolved": "https://registry.npmjs.org/@thi.ng/math/-/math-2.2.2.tgz",
			"integrity": "sha512-1KhkJNttgUiws+7rei7x8x9/J07vhPFntPf0/UutHgvI77hYZAhSeJIPdp9SOvxaYrVtGjApz61ZBhyDXMRDzA==",
			"requires": {
				"@thi.ng/api": "^6.13.4"
			}
		},
		"@thi.ng/memoize": {
			"version": "2.1.8",
			"resolved": "https://registry.npmjs.org/@thi.ng/memoize/-/memoize-2.1.8.tgz",
			"integrity": "sha512-rUzHLzTY0UpTxCKKD3hlCsY8MHQTsOrexCIhwQHvuvJX0ajlw5xQbEwvU3VL7jbd+AT091YrZzx5wt22BTVcOg==",
			"requires": {
				"@thi.ng/api": "^6.13.6"
			}
		},
		"@thi.ng/random": {
			"version": "2.2.0",
			"resolved": "https://registry.npmjs.org/@thi.ng/random/-/random-2.2.0.tgz",
			"integrity": "sha512-Apw6gDVQ8lhXVQccfsufvZqVNfE2jjlKFCho87W0V6pW3LaZbYGHclTZThnrXvOdtlXuB/VB1+QnorVGPKtPIQ==",
			"requires": {
				"@thi.ng/api": "^6.13.6",
				"@thi.ng/checks": "^2.8.0",
				"@thi.ng/hex": "^0.1.3"
			}
		},
		"@thi.ng/transducers": {
			"version": "7.5.8",
			"resolved": "https://registry.npmjs.org/@thi.ng/transducers/-/transducers-7.5.8.tgz",
			"integrity": "sha512-AUC5ao+/OK2jq5nt8U57i71VuPSgXE8azzkCt6x8doGucNEaIWa1oaPzHF4yW9HHO8715hDcL3wSOtbJ+jNH6g==",
			"requires": {
				"@thi.ng/api": "^6.13.6",
				"@thi.ng/arrays": "^0.10.1",
				"@thi.ng/checks": "^2.8.0",
				"@thi.ng/compare": "^1.3.22",
				"@thi.ng/compose": "^1.4.23",
				"@thi.ng/errors": "^1.2.26",
				"@thi.ng/math": "^3.1.0",
				"@thi.ng/random": "^2.2.0"
			},
			"dependencies": {
				"@thi.ng/math": {
					"version": "3.1.0",
					"resolved": "https://registry.npmjs.org/@thi.ng/math/-/math-3.1.0.tgz",
					"integrity": "sha512-xmwHc4u4fQ2zbD2ogtHybuELBvkcDRx6YvNKvIWMmoTY6HSRUybzRpxPErRJLXVrQoluZhZHkBMdUSH9Lk1sMQ==",
					"requires": {
						"@thi.ng/api": "^6.13.6"
					}
				}
			}
		},
		"@thi.ng/vectors": {
			"version": "4.9.1",
			"resolved": "https://registry.npmjs.org/@thi.ng/vectors/-/vectors-4.9.1.tgz",
			"integrity": "sha512-IN8XOZi6CIHw6dmrFFGgvF+D8B2HLZp4V+tTH59dfWDZyPNLPtBUT1E4jMT7qwgkg7v3oj/VfRdWzy3pRrLmog==",
			"requires": {
				"@thi.ng/api": "^6.13.6",
				"@thi.ng/binary": "^2.0.21",
				"@thi.ng/checks": "^2.8.0",
				"@thi.ng/equiv": "^1.0.35",
				"@thi.ng/errors": "^1.2.26",
				"@thi.ng/math": "^3.1.0",
				"@thi.ng/memoize": "^2.1.8",
				"@thi.ng/random": "^2.2.0",
				"@thi.ng/transducers": "^7.5.8"
			},
			"dependencies": {
				"@thi.ng/math": {
					"version": "3.1.0",
					"resolved": "https://registry.npmjs.org/@thi.ng/math/-/math-3.1.0.tgz",
					"integrity": "sha512-xmwHc4u4fQ2zbD2ogtHybuELBvkcDRx6YvNKvIWMmoTY6HSRUybzRpxPErRJLXVrQoluZhZHkBMdUSH9Lk1sMQ==",
					"requires": {
						"@thi.ng/api": "^6.13.6"
					}
				}
			}
		},
		"@tmcw/togeojson": {
			"version": "4.3.0",
			"resolved": "https://registry.npmjs.org/@tmcw/togeojson/-/togeojson-4.3.0.tgz",
			"integrity": "sha512-naEKUYY7CbHQoj1R6e+DiEO6yrCwbX6NkLuy2AXkCD9zvsvWEY+dbY8mcD254GNc+07NROSjuTMocicn3Tigsg=="
		},
		"@types/node": {
			"version": "12.19.15",
			"resolved": "https://registry.npmjs.org/@types/node/-/node-12.19.15.tgz",
			"integrity": "sha512-lowukE3GUI+VSYSu6VcBXl14d61Rp5hA1D+61r16qnwC0lYNSqdxcvRh0pswejorHfS+HgwBasM8jLXz0/aOsw=="
		},
		"csv-parse": {
			"version": "4.15.0",
			"resolved": "https://registry.npmjs.org/csv-parse/-/csv-parse-4.15.0.tgz",
			"integrity": "sha512-y2wGeU/ybvUlyw6F+eanM6lxxE4JthCuHuaoTgPXdw6ImmfYXqtP0nrCLqd6Ew/a0FgPEz36y5HznI0W5oJ+cg=="
		},
		"d3-delaunay": {
			"version": "5.3.0",
			"resolved": "https://registry.npmjs.org/d3-delaunay/-/d3-delaunay-5.3.0.tgz",
			"integrity": "sha512-amALSrOllWVLaHTnDLHwMIiz0d1bBu9gZXd1FiLfXf8sHcX9jrcj81TVZOqD4UX7MgBZZ07c8GxzEgBpJqc74w==",
			"requires": {
				"delaunator": "4"
			}
		},
		"delaunator": {
			"version": "4.0.1",
			"resolved": "https://registry.npmjs.org/delaunator/-/delaunator-4.0.1.tgz",
			"integrity": "sha512-WNPWi1IRKZfCt/qIDMfERkDp93+iZEmOxN2yy4Jg+Xhv8SLk2UTqqbe1sfiipn0and9QrE914/ihdx82Y/Giag=="
		},
		"polygon-clipping": {
			"version": "0.15.2",
			"resolved": "https://registry.npmjs.org/polygon-clipping/-/polygon-clipping-0.15.2.tgz",
			"integrity": "sha512-qsUFQSY4nA++1/b76dy0BJGwL0FZAk05Y4hZprctLIhAddE8KUUr3TxIF4sAxIQtjH9xvaBe3raaRQrcSI4wlA==",
			"requires": {
				"splaytree": "^3.1.0"
			}
		},
		"splaytree": {
			"version": "3.1.0",
			"resolved": "https://registry.npmjs.org/splaytree/-/splaytree-3.1.0.tgz",
			"integrity": "sha512-gvUGR7xnOy0fLKTCxDeUZYgU/I1Tdf8M/lM1Qrf8L2TIOR5ipZjGk02uYcdv0o2x7WjVRgpm3iS2clLyuVAt0Q=="
		},
		"tslib": {
			"version": "2.0.1",
			"resolved": "https://registry.npmjs.org/tslib/-/tslib-2.0.1.tgz",
			"integrity": "sha512-SgIkNheinmEBgx1IUNirK0TUD4X9yjjBRTqqjggWCU3pUEqIk3/Uwl3yRixYKT6WjQuGiwDv4NomL3wqRCj+CQ=="
		},
		"typescript": {
			"version": "4.1.3",
			"resolved": "https://registry.npmjs.org/typescript/-/typescript-4.1.3.tgz",
			"integrity": "sha512-B3ZIOf1IKeH2ixgHhj6la6xdwR9QrLC5d1VKeCSY4tvkqhF2eqd9O7txNlS0PO3GrBAFIdr3L1ndNwteUbZLYg==",
			"dev": true
		},
		"xmldom": {
			"version": "0.4.0",
			"resolved": "https://registry.npmjs.org/xmldom/-/xmldom-0.4.0.tgz",
			"integrity": "sha512-2E93k08T30Ugs+34HBSTQLVtpi6mCddaY8uO+pMNk1pqSjV5vElzn4mmh6KLxN3hki8rNcHSYzILoh3TEWORvA=="
		}
	}
}
