{
	"name": "sr2020-mm-data",
	"version": "1.0.0",
	"lockfileVersion": 1,
	"requires": true,
	"dependencies": {
		"@thi.ng/api": {
			"version": "6.13.6",
			"resolved": "https://registry.npmjs.org/@thi.ng/api/-/api-6.13.6.tgz",
			"integrity": "sha512-r1qJR2QaODkhG0poOKAkFIaHYeGF3rYuh/eaGx+4mBjA+jUCRlqQNr/yP1DsjMEVbjlE1jqS5apQvnfSmQlOvg=="
		},
		"@thi.ng/arrays": {
			"version": "0.10.8",
			"resolved": "https://registry.npmjs.org/@thi.ng/arrays/-/arrays-0.10.8.tgz",
			"integrity": "sha512-p9i1beUBzKTnmIFOTp+w9cRda9lHqTxcAPoSNnLQ3wBYcJ6ZK4Uyv4ROav4nAuMqUwPE2oP88B2tDdXRR3TRIg==",
			"requires": {
				"@thi.ng/api": "^7.1.4",
				"@thi.ng/checks": "^2.9.5",
				"@thi.ng/compare": "^1.3.28",
				"@thi.ng/equiv": "^1.0.41",
				"@thi.ng/errors": "^1.2.32",
				"@thi.ng/random": "^2.3.6"
			},
			"dependencies": {
				"@thi.ng/api": {
					"version": "7.1.4",
					"resolved": "https://registry.npmjs.org/@thi.ng/api/-/api-7.1.4.tgz",
					"integrity": "sha512-NpZB6gl4XVLr5squqYmQKa9zj8DzEOFqBF99y1IEGHs6QLgDBL0xMsCiPGuiLQte8rQFQA9qOuP/SkOQYpZ5PA=="
				}
			}
		},
		"@thi.ng/binary": {
			"version": "2.2.4",
			"resolved": "https://registry.npmjs.org/@thi.ng/binary/-/binary-2.2.4.tgz",
			"integrity": "sha512-+QgIaf2IC+UdW3CLWcNMPDdczpf1uP0ClbHOPxHHk1oCX9HyRdrCk7MppxNS+r/R20B3xh4r74IGDu7uXCI/yw==",
			"requires": {
				"@thi.ng/api": "^7.1.4"
			},
			"dependencies": {
				"@thi.ng/api": {
					"version": "7.1.4",
					"resolved": "https://registry.npmjs.org/@thi.ng/api/-/api-7.1.4.tgz",
					"integrity": "sha512-NpZB6gl4XVLr5squqYmQKa9zj8DzEOFqBF99y1IEGHs6QLgDBL0xMsCiPGuiLQte8rQFQA9qOuP/SkOQYpZ5PA=="
				}
			}
		},
		"@thi.ng/checks": {
			"version": "2.9.5",
			"resolved": "https://registry.npmjs.org/@thi.ng/checks/-/checks-2.9.5.tgz",
			"integrity": "sha512-o/75O/KYqSjX0DwPCJxnMuGvPUvbO1KohHAfKsEBc+5Zw0Oqu2Xf8z+8+xvcx0FHtyX/10r2/vx+zwqMX7XXvw==",
			"requires": {
				"tslib": "^2.1.0"
			}
		},
		"@thi.ng/compare": {
			"version": "1.3.28",
			"resolved": "https://registry.npmjs.org/@thi.ng/compare/-/compare-1.3.28.tgz",
			"integrity": "sha512-MYYPvbmjuopd5rQa2YyIhDHjlc8b9Xzdx368gUTcrOHG52RpSVMiTyCYWsnbfEbk/InIySrSvydkk526O3oL9A==",
			"requires": {
				"@thi.ng/api": "^7.1.4"
			},
			"dependencies": {
				"@thi.ng/api": {
					"version": "7.1.4",
					"resolved": "https://registry.npmjs.org/@thi.ng/api/-/api-7.1.4.tgz",
					"integrity": "sha512-NpZB6gl4XVLr5squqYmQKa9zj8DzEOFqBF99y1IEGHs6QLgDBL0xMsCiPGuiLQte8rQFQA9qOuP/SkOQYpZ5PA=="
				}
			}
		},
		"@thi.ng/compose": {
			"version": "1.4.29",
			"resolved": "https://registry.npmjs.org/@thi.ng/compose/-/compose-1.4.29.tgz",
			"integrity": "sha512-gujFB/MJJEnQwD3ytgHLx3hfPInpdOkQGNtmMFmBnhrlw0g0FmHjzZdt2DOIyED3zjmWq/AFS6Bjri0h/0EGLg==",
			"requires": {
				"@thi.ng/api": "^7.1.4",
				"@thi.ng/errors": "^1.2.32"
			},
			"dependencies": {
				"@thi.ng/api": {
					"version": "7.1.4",
					"resolved": "https://registry.npmjs.org/@thi.ng/api/-/api-7.1.4.tgz",
					"integrity": "sha512-NpZB6gl4XVLr5squqYmQKa9zj8DzEOFqBF99y1IEGHs6QLgDBL0xMsCiPGuiLQte8rQFQA9qOuP/SkOQYpZ5PA=="
				}
			}
		},
		"@thi.ng/equiv": {
			"version": "1.0.41",
			"resolved": "https://registry.npmjs.org/@thi.ng/equiv/-/equiv-1.0.41.tgz",
			"integrity": "sha512-l8ME1MeNedVeVzJPxEgkjQs+q6WcIgLImSTCl/bNMpNKZB/niMZQ8nGXiSbuNT640bUpNGzOp4/GkRFnbRtrUw=="
		},
		"@thi.ng/errors": {
			"version": "1.2.32",
			"resolved": "https://registry.npmjs.org/@thi.ng/errors/-/errors-1.2.32.tgz",
			"integrity": "sha512-rc9GlUVl5DAMDlafgiUaDhUQED97M0csjv+n8SDmIskQqGbpeAWJz/F5yfoxXU9Bsmwvk/GZvc0aRN5/jOZ2zQ=="
		},
		"@thi.ng/geom-api": {
			"version": "1.1.4",
			"resolved": "https://registry.npmjs.org/@thi.ng/geom-api/-/geom-api-1.1.4.tgz",
			"integrity": "sha512-h4VKsKcLuteml3BNNJVzHSUyj1WdOYBcDq8eWvmgPLSzj3qSSkVSDIWvDgebd9td7RG61HHGPC4K4EEZvbW4mg==",
			"requires": {
				"@thi.ng/api": "^6.13.4",
				"@thi.ng/vectors": "^4.8.2"
			}
		},
		"@thi.ng/geom-poly-utils": {
			"version": "0.1.66",
			"resolved": "https://registry.npmjs.org/@thi.ng/geom-poly-utils/-/geom-poly-utils-0.1.66.tgz",
			"integrity": "sha512-AFfT8BpGoLJnDuhhYp8NRGcdCChoqD+JuFtv3LdjQxGIXFBOswRaOhtS5YxSVOzCUybTAj5OJv/XEJqjq7UU4g==",
			"requires": {
				"@thi.ng/api": "^6.13.1",
				"@thi.ng/errors": "^1.2.22",
				"@thi.ng/geom-api": "^1.1.1",
				"@thi.ng/math": "^2.1.1",
				"@thi.ng/vectors": "^4.7.0"
			}
		},
		"@thi.ng/hex": {
			"version": "0.2.5",
			"resolved": "https://registry.npmjs.org/@thi.ng/hex/-/hex-0.2.5.tgz",
			"integrity": "sha512-ziJHsLH7zUBjDlZD+q+HszUVMfx9uFE+spSrRTSnt4/fCmXuUxn6hlMAskGifNGBzpE4LB40OG1nvE+0kSYdDw=="
		},
		"@thi.ng/math": {
			"version": "2.2.2",
			"resolved": "https://registry.npmjs.org/@thi.ng/math/-/math-2.2.2.tgz",
			"integrity": "sha512-1KhkJNttgUiws+7rei7x8x9/J07vhPFntPf0/UutHgvI77hYZAhSeJIPdp9SOvxaYrVtGjApz61ZBhyDXMRDzA==",
			"requires": {
				"@thi.ng/api": "^6.13.4"
			}
		},
		"@thi.ng/memoize": {
			"version": "2.1.14",
			"resolved": "https://registry.npmjs.org/@thi.ng/memoize/-/memoize-2.1.14.tgz",
			"integrity": "sha512-smviKsir+Iy2fBLiRRbdSMD0mYoimfa7aQwI5bbdV7GEKIWYaLtf0W9YZ7J7V0Mb/g3VvAvREtzwPrYxLALB9w==",
			"requires": {
				"@thi.ng/api": "^7.1.4"
			},
			"dependencies": {
				"@thi.ng/api": {
					"version": "7.1.4",
					"resolved": "https://registry.npmjs.org/@thi.ng/api/-/api-7.1.4.tgz",
					"integrity": "sha512-NpZB6gl4XVLr5squqYmQKa9zj8DzEOFqBF99y1IEGHs6QLgDBL0xMsCiPGuiLQte8rQFQA9qOuP/SkOQYpZ5PA=="
				}
			}
		},
		"@thi.ng/random": {
			"version": "2.3.6",
			"resolved": "https://registry.npmjs.org/@thi.ng/random/-/random-2.3.6.tgz",
			"integrity": "sha512-RdpaBY4OrgSzfEqvgavKkfHj/wEErJ7HyKo8W3vNdRTv5gc6A6t7XV3wsmjFKyIExfApvv4anIXuprd5qkQXXA==",
			"requires": {
				"@thi.ng/api": "^7.1.4",
				"@thi.ng/checks": "^2.9.5",
				"@thi.ng/hex": "^0.2.5"
			},
			"dependencies": {
				"@thi.ng/api": {
					"version": "7.1.4",
					"resolved": "https://registry.npmjs.org/@thi.ng/api/-/api-7.1.4.tgz",
					"integrity": "sha512-NpZB6gl4XVLr5squqYmQKa9zj8DzEOFqBF99y1IEGHs6QLgDBL0xMsCiPGuiLQte8rQFQA9qOuP/SkOQYpZ5PA=="
				}
			}
		},
		"@thi.ng/transducers": {
			"version": "7.6.6",
			"resolved": "https://registry.npmjs.org/@thi.ng/transducers/-/transducers-7.6.6.tgz",
			"integrity": "sha512-a4aSnnQpz5sKmAJPWOrYMsbSTrSTNuIVmj5DZCYwxpiGl7vyFFutMS1NHF12zILXmz+JtXiZ+feOjP8DgGOSlw==",
			"requires": {
				"@thi.ng/api": "^7.1.4",
				"@thi.ng/arrays": "^0.10.8",
				"@thi.ng/checks": "^2.9.5",
				"@thi.ng/compare": "^1.3.28",
				"@thi.ng/compose": "^1.4.29",
				"@thi.ng/errors": "^1.2.32",
				"@thi.ng/math": "^3.2.5",
				"@thi.ng/random": "^2.3.6"
			},
			"dependencies": {
				"@thi.ng/api": {
					"version": "7.1.4",
					"resolved": "https://registry.npmjs.org/@thi.ng/api/-/api-7.1.4.tgz",
					"integrity": "sha512-NpZB6gl4XVLr5squqYmQKa9zj8DzEOFqBF99y1IEGHs6QLgDBL0xMsCiPGuiLQte8rQFQA9qOuP/SkOQYpZ5PA=="
				},
				"@thi.ng/math": {
					"version": "3.2.5",
					"resolved": "https://registry.npmjs.org/@thi.ng/math/-/math-3.2.5.tgz",
					"integrity": "sha512-9IPw8oXLkycKzsXL05/Lu5PWh4hx81b5OXyUxGuFPDuWB63FZuintS5z9n0wDS8xYpwWwtQ4gcVIC+A0M2KHBg==",
					"requires": {
						"@thi.ng/api": "^7.1.4"
					}
				}
			}
		},
		"@thi.ng/vectors": {
			"version": "4.9.1",
			"resolved": "https://registry.npmjs.org/@thi.ng/vectors/-/vectors-4.9.1.tgz",
			"integrity": "sha512-IN8XOZi6CIHw6dmrFFGgvF+D8B2HLZp4V+tTH59dfWDZyPNLPtBUT1E4jMT7qwgkg7v3oj/VfRdWzy3pRrLmog==",
			"requires": {
				"@thi.ng/api": "^6.13.6",
				"@thi.ng/binary": "^2.0.21",
				"@thi.ng/checks": "^2.8.0",
				"@thi.ng/equiv": "^1.0.35",
				"@thi.ng/errors": "^1.2.26",
				"@thi.ng/math": "^3.1.0",
				"@thi.ng/memoize": "^2.1.8",
				"@thi.ng/random": "^2.2.0",
				"@thi.ng/transducers": "^7.5.8"
			},
			"dependencies": {
				"@thi.ng/math": {
					"version": "3.2.5",
					"resolved": "https://registry.npmjs.org/@thi.ng/math/-/math-3.2.5.tgz",
					"integrity": "sha512-9IPw8oXLkycKzsXL05/Lu5PWh4hx81b5OXyUxGuFPDuWB63FZuintS5z9n0wDS8xYpwWwtQ4gcVIC+A0M2KHBg==",
					"requires": {
						"@thi.ng/api": "^7.1.4"
					},
					"dependencies": {
						"@thi.ng/api": {
							"version": "7.1.4",
							"resolved": "https://registry.npmjs.org/@thi.ng/api/-/api-7.1.4.tgz",
							"integrity": "sha512-NpZB6gl4XVLr5squqYmQKa9zj8DzEOFqBF99y1IEGHs6QLgDBL0xMsCiPGuiLQte8rQFQA9qOuP/SkOQYpZ5PA=="
						}
					}
				}
			}
		},
		"@tmcw/togeojson": {
			"version": "4.1.0",
			"resolved": "https://registry.npmjs.org/@tmcw/togeojson/-/togeojson-4.1.0.tgz",
			"integrity": "sha512-YIlvI/EIJo2NUr1O6Uo+tPSQg9QQh59/bDDjV5136blLAZ/jaXWPBgx56vhta6E7K3hXhK482J0giZM5VVEZRQ=="
		},
		"csv-parse": {
			"version": "4.12.0",
			"resolved": "https://registry.npmjs.org/csv-parse/-/csv-parse-4.12.0.tgz",
			"integrity": "sha512-wPQl3H79vWLPI8cgKFcQXl0NBgYYEqVnT1i6/So7OjMpsI540oD7p93r3w6fDSyPvwkTepG05F69/7AViX2lXg=="
		},
		"d3-delaunay": {
			"version": "5.3.0",
			"resolved": "https://registry.npmjs.org/d3-delaunay/-/d3-delaunay-5.3.0.tgz",
			"integrity": "sha512-amALSrOllWVLaHTnDLHwMIiz0d1bBu9gZXd1FiLfXf8sHcX9jrcj81TVZOqD4UX7MgBZZ07c8GxzEgBpJqc74w==",
			"requires": {
				"delaunator": "4"
			}
		},
		"delaunator": {
			"version": "4.0.1",
			"resolved": "https://registry.npmjs.org/delaunator/-/delaunator-4.0.1.tgz",
			"integrity": "sha512-WNPWi1IRKZfCt/qIDMfERkDp93+iZEmOxN2yy4Jg+Xhv8SLk2UTqqbe1sfiipn0and9QrE914/ihdx82Y/Giag=="
		},
		"polygon-clipping": {
			"version": "0.15.2",
			"resolved": "https://registry.npmjs.org/polygon-clipping/-/polygon-clipping-0.15.2.tgz",
			"integrity": "sha512-qsUFQSY4nA++1/b76dy0BJGwL0FZAk05Y4hZprctLIhAddE8KUUr3TxIF4sAxIQtjH9xvaBe3raaRQrcSI4wlA==",
			"requires": {
				"splaytree": "^3.1.0"
			}
		},
		"splaytree": {
			"version": "3.1.0",
			"resolved": "https://registry.npmjs.org/splaytree/-/splaytree-3.1.0.tgz",
			"integrity": "sha512-gvUGR7xnOy0fLKTCxDeUZYgU/I1Tdf8M/lM1Qrf8L2TIOR5ipZjGk02uYcdv0o2x7WjVRgpm3iS2clLyuVAt0Q=="
		},
		"tslib": {
			"version": "2.1.0",
			"resolved": "https://registry.npmjs.org/tslib/-/tslib-2.1.0.tgz",
			"integrity": "sha512-hcVC3wYEziELGGmEEXue7D75zbwIIVUMWAVbHItGPx0ziyXxrOMQx4rQEVEV45Ut/1IotuEvwqPopzIOkDMf0A=="
		},
		"xmldom": {
			"version": "0.5.0",
			"resolved": "https://registry.npmjs.org/xmldom/-/xmldom-0.5.0.tgz",
			"integrity": "sha512-Foaj5FXVzgn7xFzsKeNIde9g6aFBxTPi37iwsno8QvApmtg7KYrr+OPyRHcJF7dud2a5nGRBXK3n0dL62Gf7PA=="
		}
	}
}
