{
	"name": "sr2020-mm-data",
	"version": "1.0.0",
	"lockfileVersion": 1,
	"requires": true,
	"dependencies": {
		"@thi.ng/api": {
			"version": "7.1.4",
			"resolved": "https://registry.npmjs.org/@thi.ng/api/-/api-7.1.4.tgz",
			"integrity": "sha512-NpZB6gl4XVLr5squqYmQKa9zj8DzEOFqBF99y1IEGHs6QLgDBL0xMsCiPGuiLQte8rQFQA9qOuP/SkOQYpZ5PA=="
		},
		"@thi.ng/arrays": {
			"version": "0.10.11",
			"resolved": "https://registry.npmjs.org/@thi.ng/arrays/-/arrays-0.10.11.tgz",
			"integrity": "sha512-X+XVBn9H5n3AaUWp0hgpHb4Pc/w7kVVMIq+Y3vkABMjfADM0GK3II3Wqr5SdNTDcGmTGjOYYVtVRlNF0XkKCaw==",
			"requires": {
				"@thi.ng/api": "^7.1.4",
				"@thi.ng/checks": "^2.9.6",
				"@thi.ng/compare": "^1.3.28",
				"@thi.ng/equiv": "^1.0.41",
				"@thi.ng/errors": "^1.3.0",
				"@thi.ng/random": "^2.4.0"
			}
		},
		"@thi.ng/binary": {
			"version": "2.2.4",
			"resolved": "https://registry.npmjs.org/@thi.ng/binary/-/binary-2.2.4.tgz",
			"integrity": "sha512-+QgIaf2IC+UdW3CLWcNMPDdczpf1uP0ClbHOPxHHk1oCX9HyRdrCk7MppxNS+r/R20B3xh4r74IGDu7uXCI/yw==",
			"requires": {
				"@thi.ng/api": "^7.1.4"
			}
		},
		"@thi.ng/checks": {
			"version": "2.9.6",
			"resolved": "https://registry.npmjs.org/@thi.ng/checks/-/checks-2.9.6.tgz",
			"integrity": "sha512-huYsMCNwO+lSSMelXqIK2HS26A6OKn669dNVkxVrnJNNqsYZyAsiQwBxnJNb3H23bQQ6TmKKyYJWIcMGKUpOsA==",
			"requires": {
				"tslib": "^2.1.0"
			}
		},
		"@thi.ng/compare": {
			"version": "1.3.28",
			"resolved": "https://registry.npmjs.org/@thi.ng/compare/-/compare-1.3.28.tgz",
			"integrity": "sha512-MYYPvbmjuopd5rQa2YyIhDHjlc8b9Xzdx368gUTcrOHG52RpSVMiTyCYWsnbfEbk/InIySrSvydkk526O3oL9A==",
			"requires": {
				"@thi.ng/api": "^7.1.4"
			}
		},
		"@thi.ng/compose": {
			"version": "1.4.30",
			"resolved": "https://registry.npmjs.org/@thi.ng/compose/-/compose-1.4.30.tgz",
			"integrity": "sha512-mWyXQiiPzw2hAh4Uv6uPW4f3/nNbbeKqABeYkU6f1J03iwcGBZvVo87//1kIEZ3b9XcCvyp463Y+Y+a1e1+0jA==",
			"requires": {
				"@thi.ng/api": "^7.1.4",
				"@thi.ng/errors": "^1.3.0"
			}
		},
		"@thi.ng/equiv": {
			"version": "1.0.41",
			"resolved": "https://registry.npmjs.org/@thi.ng/equiv/-/equiv-1.0.41.tgz",
			"integrity": "sha512-l8ME1MeNedVeVzJPxEgkjQs+q6WcIgLImSTCl/bNMpNKZB/niMZQ8nGXiSbuNT640bUpNGzOp4/GkRFnbRtrUw=="
		},
		"@thi.ng/errors": {
			"version": "1.3.0",
			"resolved": "https://registry.npmjs.org/@thi.ng/errors/-/errors-1.3.0.tgz",
			"integrity": "sha512-/0U6Weot0cTTRmuiaTbD+OK7bhU30S1g/yQ7ca882hIT9tj1p7ptCgivV8YtIKO4LvWjdNgtHrr5aPGObOMtsw=="
		},
		"@thi.ng/geom-api": {
			"version": "2.0.20",
			"resolved": "https://registry.npmjs.org/@thi.ng/geom-api/-/geom-api-2.0.20.tgz",
			"integrity": "sha512-eEXqpyPK/yGpY+4xHn5Dd3mKnw+NpF0NvtKavzKfJYcYfK+W7pLDh7Yrhg0p26cTeGoLtxmYip38ueuVYBV3Mw==",
			"requires": {
				"@thi.ng/api": "^7.1.4",
				"@thi.ng/vectors": "^6.0.0"
			}
		},
		"@thi.ng/geom-poly-utils": {
			"version": "0.3.20",
			"resolved": "https://registry.npmjs.org/@thi.ng/geom-poly-utils/-/geom-poly-utils-0.3.20.tgz",
			"integrity": "sha512-z4kXDYuPtyp4O9BH2H5lNwsiOxl9vg9VOssPNFaNLW5AaqH8oQ3W37grtxKQVqza5xc5phmSD0LRKWs/COvkig==",
			"requires": {
				"@thi.ng/api": "^7.1.4",
				"@thi.ng/errors": "^1.3.0",
				"@thi.ng/geom-api": "^2.0.20",
				"@thi.ng/math": "^4.0.0",
				"@thi.ng/vectors": "^6.0.0"
			}
		},
		"@thi.ng/hex": {
			"version": "0.2.5",
			"resolved": "https://registry.npmjs.org/@thi.ng/hex/-/hex-0.2.5.tgz",
			"integrity": "sha512-ziJHsLH7zUBjDlZD+q+HszUVMfx9uFE+spSrRTSnt4/fCmXuUxn6hlMAskGifNGBzpE4LB40OG1nvE+0kSYdDw=="
		},
		"@thi.ng/math": {
			"version": "4.0.0",
			"resolved": "https://registry.npmjs.org/@thi.ng/math/-/math-4.0.0.tgz",
			"integrity": "sha512-vdp2GkuvTZpeQ4UYBOZN5pX/rA9vcojIIFEO27+QcDXb8nIYam5KGyrxMNBi1psri/NTBrqNY2pySeUIN2VBbw==",
			"requires": {
				"@thi.ng/api": "^7.1.4"
			}
		},
		"@thi.ng/memoize": {
			"version": "2.1.14",
			"resolved": "https://registry.npmjs.org/@thi.ng/memoize/-/memoize-2.1.14.tgz",
			"integrity": "sha512-smviKsir+Iy2fBLiRRbdSMD0mYoimfa7aQwI5bbdV7GEKIWYaLtf0W9YZ7J7V0Mb/g3VvAvREtzwPrYxLALB9w==",
			"requires": {
				"@thi.ng/api": "^7.1.4"
			}
		},
		"@thi.ng/random": {
			"version": "2.4.0",
			"resolved": "https://registry.npmjs.org/@thi.ng/random/-/random-2.4.0.tgz",
			"integrity": "sha512-f7XXnbWP24dd+/Ea21rLKwVsKyUMlnS5v+fytrMwNOnVEfHzTv/yf2tbCryojFyJQxuOeZ7i+1ocNwTWPsqPgg==",
			"requires": {
				"@thi.ng/api": "^7.1.4",
				"@thi.ng/checks": "^2.9.6",
				"@thi.ng/hex": "^0.2.5"
			}
		},
		"@thi.ng/transducers": {
			"version": "7.7.2",
			"resolved": "https://registry.npmjs.org/@thi.ng/transducers/-/transducers-7.7.2.tgz",
			"integrity": "sha512-w4Y0MuRsGvr6sff406XzGp6Oqij9CHc12XG5NfIxXKU9C4FKCcbfOHJ1Qz6hQsTf55z0qLaW31yvh05YA6joEQ==",
			"requires": {
				"@thi.ng/api": "^7.1.4",
				"@thi.ng/arrays": "^0.10.11",
				"@thi.ng/checks": "^2.9.6",
				"@thi.ng/compare": "^1.3.28",
				"@thi.ng/compose": "^1.4.30",
				"@thi.ng/errors": "^1.3.0",
				"@thi.ng/math": "^4.0.0",
				"@thi.ng/random": "^2.4.0"
			}
		},
		"@thi.ng/vectors": {
			"version": "6.0.0",
			"resolved": "https://registry.npmjs.org/@thi.ng/vectors/-/vectors-6.0.0.tgz",
			"integrity": "sha512-vgeD3eEmaNj4CcOSsh6xQlPC3PCogr/E6vJDGIe1Ib7i3mXOmjee/hzrXnv5B8bCOOC5KxDyBS2rSVZUfMXccw==",
			"requires": {
				"@thi.ng/api": "^7.1.4",
				"@thi.ng/binary": "^2.2.4",
				"@thi.ng/checks": "^2.9.6",
				"@thi.ng/equiv": "^1.0.41",
				"@thi.ng/errors": "^1.3.0",
				"@thi.ng/math": "^4.0.0",
				"@thi.ng/memoize": "^2.1.14",
				"@thi.ng/random": "^2.4.0",
				"@thi.ng/transducers": "^7.7.2"
			}
		},
		"@tmcw/togeojson": {
			"version": "4.4.1",
			"resolved": "https://registry.npmjs.org/@tmcw/togeojson/-/togeojson-4.4.1.tgz",
			"integrity": "sha512-R4f8fYzXPGKjW+que03/UOtHEsMe3Tb4wOBOQi8KaZwJEX7RGOIoxUis//k2CrLL7f+6QX1Z4nb1dDozO2/LYA=="
		},
		"@types/geojson": {
			"version": "7946.0.7",
			"resolved": "https://registry.npmjs.org/@types/geojson/-/geojson-7946.0.7.tgz",
			"integrity": "sha512-wE2v81i4C4Ol09RtsWFAqg3BUitWbHSpSlIo+bNdsCJijO9sjme+zm+73ZMCa/qMC8UEERxzGbvmr1cffo2SiQ=="
		},
		"@types/node": {
			"version": "14.17.29",
			"resolved": "https://registry.npmjs.org/@types/node/-/node-14.17.29.tgz",
			"integrity": "sha512-sd4CHI9eTJXTH2vF3RGtGkqvWRwhsSSUFsXD4oG38GZzSZ0tNPbWikd2AbOAcKxCXhOg57fL8FPxjpfSzb2pIQ==",
			"dev": true
		},
		"@types/ramda": {
			"version": "0.27.40",
			"resolved": "https://registry.npmjs.org/@types/ramda/-/ramda-0.27.40.tgz",
			"integrity": "sha512-V99ZfTH2tqVYdLDAlgh2uT+N074HPgqnAsMjALKSBqogYd0HbuuGMqNukJ6fk9Ml/Htaus76fsc4Yh3p7q1VdQ==",
			"dev": true,
			"requires": {
				"ts-toolbelt": "^6.15.1"
			}
		},
		"csv-parse": {
			"version": "4.15.4",
			"resolved": "https://registry.npmjs.org/csv-parse/-/csv-parse-4.15.4.tgz",
			"integrity": "sha512-OdBbFc0yZhOm17lSxqkirrHlFFVpKRT0wp4DAGoJelsP3LbGzV9LNr7XmM/lrr0uGkCtaqac9UhP8PDHXOAbMg=="
		},
		"d3-delaunay": {
			"version": "5.3.0",
			"resolved": "https://registry.npmjs.org/d3-delaunay/-/d3-delaunay-5.3.0.tgz",
			"integrity": "sha512-amALSrOllWVLaHTnDLHwMIiz0d1bBu9gZXd1FiLfXf8sHcX9jrcj81TVZOqD4UX7MgBZZ07c8GxzEgBpJqc74w==",
			"requires": {
				"delaunator": "4"
			}
		},
		"delaunator": {
			"version": "4.0.1",
			"resolved": "https://registry.npmjs.org/delaunator/-/delaunator-4.0.1.tgz",
			"integrity": "sha512-WNPWi1IRKZfCt/qIDMfERkDp93+iZEmOxN2yy4Jg+Xhv8SLk2UTqqbe1sfiipn0and9QrE914/ihdx82Y/Giag=="
		},
		"polygon-clipping": {
			"version": "0.15.3",
			"resolved": "https://registry.npmjs.org/polygon-clipping/-/polygon-clipping-0.15.3.tgz",
			"integrity": "sha512-ho0Xx5DLkgxRx/+n4O74XyJ67DcyN3Tu9bGYKsnTukGAW6ssnuak6Mwcyb1wHy9MZc9xsUWqIoiazkZB5weECg==",
			"requires": {
				"splaytree": "^3.1.0"
			}
		},
		"splaytree": {
			"version": "3.1.0",
			"resolved": "https://registry.npmjs.org/splaytree/-/splaytree-3.1.0.tgz",
			"integrity": "sha512-gvUGR7xnOy0fLKTCxDeUZYgU/I1Tdf8M/lM1Qrf8L2TIOR5ipZjGk02uYcdv0o2x7WjVRgpm3iS2clLyuVAt0Q=="
		},
		"ts-toolbelt": {
			"version": "6.15.5",
			"resolved": "https://registry.npmjs.org/ts-toolbelt/-/ts-toolbelt-6.15.5.tgz",
			"integrity": "sha512-FZIXf1ksVyLcfr7M317jbB67XFJhOO1YqdTcuGaq9q5jLUoTikukZ+98TPjKiP2jC5CgmYdWWYs0s2nLSU0/1A==",
			"dev": true
		},
		"tslib": {
			"version": "2.2.0",
			"resolved": "https://registry.npmjs.org/tslib/-/tslib-2.2.0.tgz",
			"integrity": "sha512-gS9GVHRU+RGn5KQM2rllAlR3dU6m7AcpJKdtH8gFvQiC4Otgk98XnmMU+nZenHt/+VhnBPWwgrJsyrdcw6i23w=="
		},
		"typescript": {
			"version": "4.2.4",
			"resolved": "https://registry.npmjs.org/typescript/-/typescript-4.2.4.tgz",
			"integrity": "sha512-V+evlYHZnQkaz8TRBuxTA92yZBPotr5H+WhQ7bD3hZUndx5tGOa1fuCgeSjxAzM1RiN5IzvadIXTVefuuwZCRg==",
			"dev": true
		},
		"xmldom": {
			"version": "0.6.0",
			"resolved": "https://registry.npmjs.org/xmldom/-/xmldom-0.6.0.tgz",
			"integrity": "sha512-iAcin401y58LckRZ0TkI4k0VSM1Qg0KGSc3i8rU+xrxe19A/BN1zHyVSJY7uoutVlaTSzYyk/v5AmkewAP7jtg=="
		}
	}
}
