{
  "name": "sr2020-mm-event-engine",
  "version": "1.0.0",
  "lockfileVersion": 1,
  "requires": true,
  "dependencies": {
    "@thi.ng/api": {
      "version": "6.13.1",
      "resolved": "https://registry.npmjs.org/@thi.ng/api/-/api-6.13.1.tgz",
      "integrity": "sha512-JBdu+8WE6gzOHD4jht4w0Pq2AW+w82umvCdu+NRTuQaKUaTc26+RS9yfIwArPIlu/L33LtLZKqAeAyBp5J4wLA==",
      "requires": {
        "tslib": "^2.0.1"
      }
    },
    "@thi.ng/arrays": {
      "version": "0.8.1",
      "resolved": "https://registry.npmjs.org/@thi.ng/arrays/-/arrays-0.8.1.tgz",
      "integrity": "sha512-4IiJQBUlRbktuwb6lwWB5TqbILhQJoOl8F6o/H9RetxTluKb5zk26Sx8FnWyChhw4WYg4DcRFuVjlh1sGKFXsg==",
      "requires": {
        "@thi.ng/api": "^6.13.1",
        "@thi.ng/checks": "^2.7.9",
        "@thi.ng/compare": "^1.3.17",
        "@thi.ng/equiv": "^1.0.32",
        "@thi.ng/errors": "^1.2.22",
        "@thi.ng/random": "^2.0.2"
      }
    },
    "@thi.ng/binary": {
      "version": "2.0.16",
      "resolved": "https://registry.npmjs.org/@thi.ng/binary/-/binary-2.0.16.tgz",
      "integrity": "sha512-hZICZFNW97Ei6zVU+U6T+MEEKhlaof708G6Iz6cFnzGsQ5aDgF5rfOXi9SMm85w4n13/GacTqitLou/RAajY9Q==",
      "requires": {
        "@thi.ng/api": "^6.13.1",
        "tslib": "^2.0.1"
      }
    },
    "@thi.ng/checks": {
      "version": "2.7.9",
      "resolved": "https://registry.npmjs.org/@thi.ng/checks/-/checks-2.7.9.tgz",
      "integrity": "sha512-567eiffVTkgL1gu2BLgPivLQdW9Pd4RuwqK76Z69OyhSiEHMcWuBWyPn0fkA4CSasUHteuecGfVeNoUPYCoyVQ==",
      "requires": {
        "tslib": "^2.0.1"
      }
    },
    "@thi.ng/compare": {
      "version": "1.3.17",
      "resolved": "https://registry.npmjs.org/@thi.ng/compare/-/compare-1.3.17.tgz",
      "integrity": "sha512-eZ3TL0t11QReUHsd4H2/Ug95POKDlvQfyVaOkM60g5xn3w4VCx+unjXbX38ZDM3BI8jSbc4Hq25z+7XgAAIbog==",
      "requires": {
        "@thi.ng/api": "^6.13.1"
      }
    },
    "@thi.ng/compose": {
      "version": "1.4.18",
      "resolved": "https://registry.npmjs.org/@thi.ng/compose/-/compose-1.4.18.tgz",
      "integrity": "sha512-zgR7Jg91zBQSYT3sboFU205Kv7g8xwuATjbh7ow4ivJyaGKxQD34sRofb4n0viHStsG5GRi7kGzvgqyLHCtjQQ==",
      "requires": {
        "@thi.ng/api": "^6.13.1",
        "@thi.ng/errors": "^1.2.22"
      }
    },
    "@thi.ng/equiv": {
      "version": "1.0.32",
      "resolved": "https://registry.npmjs.org/@thi.ng/equiv/-/equiv-1.0.32.tgz",
      "integrity": "sha512-Zi4A/f2Ff5o8OqAmGKmpvv3dhIoA4K7oNjD5KUINqdJ+ZDZbuesvyticqHlqmNdvZZbuawsr+XBeIqaNHdIJUA=="
    },
    "@thi.ng/errors": {
      "version": "1.2.22",
      "resolved": "https://registry.npmjs.org/@thi.ng/errors/-/errors-1.2.22.tgz",
      "integrity": "sha512-MzkVEhVEHj9TJEDEt+ZLHZP5kJ51vBMQ/j0vofke3kcUXP+LGzdbb+TQ2DY5yLOtqCj8kFGStlMcHYeNupd/Dg==",
      "requires": {
        "tslib": "^2.0.1"
      }
    },
    "@thi.ng/geom-closest-point": {
      "version": "0.5.1",
      "resolved": "https://registry.npmjs.org/@thi.ng/geom-closest-point/-/geom-closest-point-0.5.1.tgz",
      "integrity": "sha512-KOifxLiHPRlft0lJ7dRWrBeLkKHCd6rofXlbLfXsJRKUC1PwC4+WUwvYkvNYEgvzWaTN/OEIJGqw8WZ8hjqgFg==",
      "requires": {
        "@thi.ng/api": "^6.13.1",
        "@thi.ng/math": "^2.1.1",
        "@thi.ng/vectors": "^4.7.0"
      }
    },
    "@thi.ng/math": {
      "version": "2.1.1",
      "resolved": "https://registry.npmjs.org/@thi.ng/math/-/math-2.1.1.tgz",
      "integrity": "sha512-O9JvH+2dF+jH4GLSgQVsTiaYBe0lo6kaq0t4yqUBLUCzGJit52Glhum+qfXYNhmKvfN6fsdS7scdsZC5DvjpTA==",
      "requires": {
        "@thi.ng/api": "^6.13.1"
      }
    },
    "@thi.ng/memoize": {
      "version": "2.1.3",
      "resolved": "https://registry.npmjs.org/@thi.ng/memoize/-/memoize-2.1.3.tgz",
      "integrity": "sha512-MA4x0AZh5+T4wLEyiaWnr3cIIDi8UWFG9sw6jyCpnYwzdHswqpk2QP2a1e7JRgpPOD4Ybxv+aVXLHDmfs9/Zdg==",
      "requires": {
        "@thi.ng/api": "^6.13.1"
      }
    },
    "@thi.ng/random": {
      "version": "2.0.2",
      "resolved": "https://registry.npmjs.org/@thi.ng/random/-/random-2.0.2.tgz",
      "integrity": "sha512-Ce1B2U9GDkQBV2NPDqJ36Gqop96luKjOHFJkgdb9VqHgKjij519UCunjNdcfZWlUWo49HVByp+H4XiwSx7HIeQ==",
      "requires": {
        "@thi.ng/api": "^6.13.1",
        "@thi.ng/checks": "^2.7.9"
      }
    },
    "@thi.ng/transducers": {
      "version": "7.4.0",
      "resolved": "https://registry.npmjs.org/@thi.ng/transducers/-/transducers-7.4.0.tgz",
      "integrity": "sha512-mom1Tpmhv+7kTqEpR8BOdISSygIHQmcIZYc7pq5a8enW5gjrSdKqKLrZZY4/+g3Ih4LSipnZ+avIr7m/pdV6Cg==",
      "requires": {
        "@thi.ng/api": "^6.13.1",
        "@thi.ng/arrays": "^0.8.1",
        "@thi.ng/checks": "^2.7.9",
        "@thi.ng/compare": "^1.3.17",
        "@thi.ng/compose": "^1.4.18",
        "@thi.ng/errors": "^1.2.22",
        "@thi.ng/math": "^2.1.1",
        "@thi.ng/random": "^2.0.2"
      }
    },
    "@thi.ng/vectors": {
      "version": "4.7.0",
      "resolved": "https://registry.npmjs.org/@thi.ng/vectors/-/vectors-4.7.0.tgz",
      "integrity": "sha512-1yPFWmSXTK05R7VpdzdJOYJEzDrQ5/mhHkr7qIHKVOI/IhwSpYkXGumuHIuVzgaXJmpW48P50U7nvVIUxheG8g==",
      "requires": {
        "@thi.ng/api": "^6.13.1",
        "@thi.ng/binary": "^2.0.16",
        "@thi.ng/checks": "^2.7.9",
        "@thi.ng/equiv": "^1.0.32",
        "@thi.ng/errors": "^1.2.22",
        "@thi.ng/math": "^2.1.1",
        "@thi.ng/memoize": "^2.1.3",
        "@thi.ng/random": "^2.0.2",
        "@thi.ng/transducers": "^7.4.0"
      }
    },
    "sr2020-mm-data": {
      "version": "1.0.0",
      "requires": {
        "@thi.ng/geom-poly-utils": "^0.1.63",
        "@tmcw/togeojson": "^4.1.0",
        "csv-parse": "^4.12.0",
        "d3-delaunay": "^5.3.0",
        "polygon-clipping": "^0.15.1",
        "xmldom": "^0.3.0"
      },
      "dependencies": {
        "@thi.ng/api": {
          "version": "6.13.1",
          "resolved": "https://registry.npmjs.org/@thi.ng/api/-/api-6.13.1.tgz",
          "integrity": "sha512-JBdu+8WE6gzOHD4jht4w0Pq2AW+w82umvCdu+NRTuQaKUaTc26+RS9yfIwArPIlu/L33LtLZKqAeAyBp5J4wLA==",
          "requires": {
            "tslib": "^2.0.1"
          }
        },
        "@thi.ng/arrays": {
          "version": "0.8.1",
          "resolved": "https://registry.npmjs.org/@thi.ng/arrays/-/arrays-0.8.1.tgz",
          "integrity": "sha512-4IiJQBUlRbktuwb6lwWB5TqbILhQJoOl8F6o/H9RetxTluKb5zk26Sx8FnWyChhw4WYg4DcRFuVjlh1sGKFXsg==",
          "requires": {
            "@thi.ng/api": "^6.13.1",
            "@thi.ng/checks": "^2.7.9",
            "@thi.ng/compare": "^1.3.17",
            "@thi.ng/equiv": "^1.0.32",
            "@thi.ng/errors": "^1.2.22",
            "@thi.ng/random": "^2.0.2"
          }
        },
        "@thi.ng/binary": {
          "version": "2.0.16",
          "resolved": "https://registry.npmjs.org/@thi.ng/binary/-/binary-2.0.16.tgz",
          "integrity": "sha512-hZICZFNW97Ei6zVU+U6T+MEEKhlaof708G6Iz6cFnzGsQ5aDgF5rfOXi9SMm85w4n13/GacTqitLou/RAajY9Q==",
          "requires": {
            "@thi.ng/api": "^6.13.1",
            "tslib": "^2.0.1"
          }
        },
        "@thi.ng/checks": {
          "version": "2.7.9",
          "resolved": "https://registry.npmjs.org/@thi.ng/checks/-/checks-2.7.9.tgz",
          "integrity": "sha512-567eiffVTkgL1gu2BLgPivLQdW9Pd4RuwqK76Z69OyhSiEHMcWuBWyPn0fkA4CSasUHteuecGfVeNoUPYCoyVQ==",
          "requires": {
            "tslib": "^2.0.1"
          }
        },
        "@thi.ng/compare": {
          "version": "1.3.17",
          "resolved": "https://registry.npmjs.org/@thi.ng/compare/-/compare-1.3.17.tgz",
          "integrity": "sha512-eZ3TL0t11QReUHsd4H2/Ug95POKDlvQfyVaOkM60g5xn3w4VCx+unjXbX38ZDM3BI8jSbc4Hq25z+7XgAAIbog==",
          "requires": {
            "@thi.ng/api": "^6.13.1"
          }
        },
        "@thi.ng/compose": {
          "version": "1.4.18",
          "resolved": "https://registry.npmjs.org/@thi.ng/compose/-/compose-1.4.18.tgz",
          "integrity": "sha512-zgR7Jg91zBQSYT3sboFU205Kv7g8xwuATjbh7ow4ivJyaGKxQD34sRofb4n0viHStsG5GRi7kGzvgqyLHCtjQQ==",
          "requires": {
            "@thi.ng/api": "^6.13.1",
            "@thi.ng/errors": "^1.2.22"
          }
        },
        "@thi.ng/equiv": {
          "version": "1.0.32",
          "resolved": "https://registry.npmjs.org/@thi.ng/equiv/-/equiv-1.0.32.tgz",
          "integrity": "sha512-Zi4A/f2Ff5o8OqAmGKmpvv3dhIoA4K7oNjD5KUINqdJ+ZDZbuesvyticqHlqmNdvZZbuawsr+XBeIqaNHdIJUA=="
        },
        "@thi.ng/errors": {
          "version": "1.2.22",
          "resolved": "https://registry.npmjs.org/@thi.ng/errors/-/errors-1.2.22.tgz",
          "integrity": "sha512-MzkVEhVEHj9TJEDEt+ZLHZP5kJ51vBMQ/j0vofke3kcUXP+LGzdbb+TQ2DY5yLOtqCj8kFGStlMcHYeNupd/Dg==",
          "requires": {
            "tslib": "^2.0.1"
          }
        },
        "@thi.ng/geom-api": {
          "version": "1.1.0",
          "resolved": "https://registry.npmjs.org/@thi.ng/geom-api/-/geom-api-1.1.0.tgz",
          "integrity": "sha512-UEwcieGbQNjatGSErQlQcZEZzIdu2jzXUCYhkgRBfd+f84S6QAj9XnlYPXk2bJyH2LODH3y0RvTAn185OAA2eg==",
          "requires": {
            "@thi.ng/api": "^6.13.1",
            "@thi.ng/vectors": "^4.6.6"
          }
        },
        "@thi.ng/geom-poly-utils": {
          "version": "0.1.66",
          "resolved": "https://registry.npmjs.org/@thi.ng/geom-poly-utils/-/geom-poly-utils-0.1.66.tgz",
          "integrity": "sha512-AFfT8BpGoLJnDuhhYp8NRGcdCChoqD+JuFtv3LdjQxGIXFBOswRaOhtS5YxSVOzCUybTAj5OJv/XEJqjq7UU4g==",
          "requires": {
            "@thi.ng/api": "^6.13.1",
            "@thi.ng/errors": "^1.2.22",
            "@thi.ng/geom-api": "^1.1.1",
            "@thi.ng/math": "^2.1.1",
            "@thi.ng/vectors": "^4.7.0"
          },
          "dependencies": {
            "@thi.ng/geom-api": {
              "version": "1.1.1",
              "resolved": "https://registry.npmjs.org/@thi.ng/geom-api/-/geom-api-1.1.1.tgz",
              "integrity": "sha512-d/KtrUVotFyNfilZ5ul3vEGpBK5W5294ZY/VUm09AE4BPMqbiivmn6r0we+uEWi+2fQVoZ2Jjk75W8pJ5eay7A==",
              "requires": {
                "@thi.ng/api": "^6.13.1",
                "@thi.ng/vectors": "^4.7.0"
              }
            },
            "@thi.ng/vectors": {
              "version": "4.7.0",
              "resolved": "https://registry.npmjs.org/@thi.ng/vectors/-/vectors-4.7.0.tgz",
              "integrity": "sha512-1yPFWmSXTK05R7VpdzdJOYJEzDrQ5/mhHkr7qIHKVOI/IhwSpYkXGumuHIuVzgaXJmpW48P50U7nvVIUxheG8g==",
              "requires": {
                "@thi.ng/api": "^6.13.1",
                "@thi.ng/binary": "^2.0.16",
                "@thi.ng/checks": "^2.7.9",
                "@thi.ng/equiv": "^1.0.32",
                "@thi.ng/errors": "^1.2.22",
                "@thi.ng/math": "^2.1.1",
                "@thi.ng/memoize": "^2.1.3",
                "@thi.ng/random": "^2.0.2",
                "@thi.ng/transducers": "^7.4.0"
              }
            }
          }
        },
        "@thi.ng/math": {
          "version": "2.1.1",
          "resolved": "https://registry.npmjs.org/@thi.ng/math/-/math-2.1.1.tgz",
          "integrity": "sha512-O9JvH+2dF+jH4GLSgQVsTiaYBe0lo6kaq0t4yqUBLUCzGJit52Glhum+qfXYNhmKvfN6fsdS7scdsZC5DvjpTA==",
          "requires": {
            "@thi.ng/api": "^6.13.1"
          }
        },
        "@thi.ng/memoize": {
          "version": "2.1.3",
          "resolved": "https://registry.npmjs.org/@thi.ng/memoize/-/memoize-2.1.3.tgz",
          "integrity": "sha512-MA4x0AZh5+T4wLEyiaWnr3cIIDi8UWFG9sw6jyCpnYwzdHswqpk2QP2a1e7JRgpPOD4Ybxv+aVXLHDmfs9/Zdg==",
          "requires": {
            "@thi.ng/api": "^6.13.1"
          }
        },
        "@thi.ng/random": {
          "version": "2.0.2",
          "resolved": "https://registry.npmjs.org/@thi.ng/random/-/random-2.0.2.tgz",
          "integrity": "sha512-Ce1B2U9GDkQBV2NPDqJ36Gqop96luKjOHFJkgdb9VqHgKjij519UCunjNdcfZWlUWo49HVByp+H4XiwSx7HIeQ==",
          "requires": {
            "@thi.ng/api": "^6.13.1",
            "@thi.ng/checks": "^2.7.9"
          }
        },
        "@thi.ng/transducers": {
          "version": "7.4.0",
          "resolved": "https://registry.npmjs.org/@thi.ng/transducers/-/transducers-7.4.0.tgz",
          "integrity": "sha512-mom1Tpmhv+7kTqEpR8BOdISSygIHQmcIZYc7pq5a8enW5gjrSdKqKLrZZY4/+g3Ih4LSipnZ+avIr7m/pdV6Cg==",
          "requires": {
            "@thi.ng/api": "^6.13.1",
            "@thi.ng/arrays": "^0.8.1",
            "@thi.ng/checks": "^2.7.9",
            "@thi.ng/compare": "^1.3.17",
            "@thi.ng/compose": "^1.4.18",
            "@thi.ng/errors": "^1.2.22",
            "@thi.ng/math": "^2.1.1",
            "@thi.ng/random": "^2.0.2"
          }
        },
        "@thi.ng/vectors": {
          "version": "4.6.6",
          "resolved": "https://registry.npmjs.org/@thi.ng/vectors/-/vectors-4.6.6.tgz",
          "integrity": "sha512-c4YvNwnpHDtlIOKkui3uDE80PMyq/yiLpH2+VqFzTQ77H2qWuRgioQYnqPaRbm4We6KtaJp+JNvlWwVK+YRu2w==",
          "requires": {
            "@thi.ng/api": "^6.13.1",
            "@thi.ng/binary": "^2.0.16",
            "@thi.ng/checks": "^2.7.9",
            "@thi.ng/equiv": "^1.0.32",
            "@thi.ng/errors": "^1.2.22",
            "@thi.ng/math": "^2.1.1",
            "@thi.ng/memoize": "^2.1.3",
            "@thi.ng/random": "^2.0.2",
            "@thi.ng/transducers": "^7.4.0"
          }
        },
        "@tmcw/togeojson": {
          "version": "4.2.0",
          "resolved": "https://registry.npmjs.org/@tmcw/togeojson/-/togeojson-4.2.0.tgz",
          "integrity": "sha512-kjUJemmidx4SS9QT4P5nUkS6s9IE0xpqwaWcnDd7q0McFhfRiAHJMEVarxcFXecvZAIyPt9+974NfOGr7/cKfg=="
        },
        "csv-parse": {
          "version": "4.12.0",
          "resolved": "https://registry.npmjs.org/csv-parse/-/csv-parse-4.12.0.tgz",
          "integrity": "sha512-wPQl3H79vWLPI8cgKFcQXl0NBgYYEqVnT1i6/So7OjMpsI540oD7p93r3w6fDSyPvwkTepG05F69/7AViX2lXg=="
        },
        "d3-delaunay": {
          "version": "5.3.0",
          "resolved": "https://registry.npmjs.org/d3-delaunay/-/d3-delaunay-5.3.0.tgz",
          "integrity": "sha512-amALSrOllWVLaHTnDLHwMIiz0d1bBu9gZXd1FiLfXf8sHcX9jrcj81TVZOqD4UX7MgBZZ07c8GxzEgBpJqc74w==",
          "requires": {
            "delaunator": "4"
          }
        },
        "delaunator": {
          "version": "4.0.1",
          "resolved": "https://registry.npmjs.org/delaunator/-/delaunator-4.0.1.tgz",
          "integrity": "sha512-WNPWi1IRKZfCt/qIDMfERkDp93+iZEmOxN2yy4Jg+Xhv8SLk2UTqqbe1sfiipn0and9QrE914/ihdx82Y/Giag=="
        },
        "polygon-clipping": {
          "version": "0.15.1",
          "resolved": "https://registry.npmjs.org/polygon-clipping/-/polygon-clipping-0.15.1.tgz",
          "integrity": "sha512-6tvqlvuSu+CLe0RtS51sG43iU31h4zwyLAESMW/Kv+iNb62lSwxvGJhlLNduS4JTtX3mtBrg8Bbl/QCpC2I+hA==",
          "requires": {
            "splaytree": "^3.0.1"
          }
        },
        "splaytree": {
          "version": "3.0.1",
          "resolved": "https://registry.npmjs.org/splaytree/-/splaytree-3.0.1.tgz",
          "integrity": "sha512-WvQIHRDXLSVn72xjlIG/WGhv/4QO3m+iY2TpVdFRaXd1+/vkNlpkpw1QaNH5taghF9eWXDHWMWnzXyicR8d6ig=="
        },
        "tslib": {
          "version": "2.0.1",
          "resolved": "https://registry.npmjs.org/tslib/-/tslib-2.0.1.tgz",
          "integrity": "sha512-SgIkNheinmEBgx1IUNirK0TUD4X9yjjBRTqqjggWCU3pUEqIk3/Uwl3yRixYKT6WjQuGiwDv4NomL3wqRCj+CQ=="
        },
        "xmldom": {
          "version": "0.3.0",
          "resolved": "https://registry.npmjs.org/xmldom/-/xmldom-0.3.0.tgz",
          "integrity": "sha512-z9s6k3wxE+aZHgXYxSTpGDo7BYOUfJsIRyoZiX6HTjwpwfS2wpQBQKa2fD+ShLyPkqDYo5ud7KitmLZ2Cd6r0g=="
        }
      }
    },
    "sr2020-mm-hacks-n-fixes": {
      "version": "1.0.0"
    },
    "tslib": {
      "version": "2.0.3",
      "resolved": "https://registry.npmjs.org/tslib/-/tslib-2.0.3.tgz",
      "integrity": "sha512-uZtkfKblCEQtZKBF6EBXVZeQNl82yqtDQdv+eck8u7tdPxjLu2/lp5/uPW+um2tpuxINHWy3GhiccY7QgEaVHQ=="
    }
  }
}
