{
  "name": "sr2020-mm-event-engine",
  "version": "1.0.0",
  "lockfileVersion": 1,
  "requires": true,
  "dependencies": {
    "@thi.ng/api": {
      "version": "7.1.4",
      "resolved": "https://registry.npmjs.org/@thi.ng/api/-/api-7.1.4.tgz",
      "integrity": "sha512-NpZB6gl4XVLr5squqYmQKa9zj8DzEOFqBF99y1IEGHs6QLgDBL0xMsCiPGuiLQte8rQFQA9qOuP/SkOQYpZ5PA=="
    },
    "@thi.ng/arrays": {
      "version": "0.10.11",
      "resolved": "https://registry.npmjs.org/@thi.ng/arrays/-/arrays-0.10.11.tgz",
      "integrity": "sha512-X+XVBn9H5n3AaUWp0hgpHb4Pc/w7kVVMIq+Y3vkABMjfADM0GK3II3Wqr5SdNTDcGmTGjOYYVtVRlNF0XkKCaw==",
      "requires": {
        "@thi.ng/api": "^7.1.4",
        "@thi.ng/checks": "^2.9.6",
        "@thi.ng/compare": "^1.3.28",
        "@thi.ng/equiv": "^1.0.41",
        "@thi.ng/errors": "^1.3.0",
        "@thi.ng/random": "^2.4.0"
      }
    },
    "@thi.ng/binary": {
      "version": "2.2.4",
      "resolved": "https://registry.npmjs.org/@thi.ng/binary/-/binary-2.2.4.tgz",
      "integrity": "sha512-+QgIaf2IC+UdW3CLWcNMPDdczpf1uP0ClbHOPxHHk1oCX9HyRdrCk7MppxNS+r/R20B3xh4r74IGDu7uXCI/yw==",
      "requires": {
        "@thi.ng/api": "^7.1.4"
      }
    },
    "@thi.ng/checks": {
      "version": "2.9.6",
      "resolved": "https://registry.npmjs.org/@thi.ng/checks/-/checks-2.9.6.tgz",
      "integrity": "sha512-huYsMCNwO+lSSMelXqIK2HS26A6OKn669dNVkxVrnJNNqsYZyAsiQwBxnJNb3H23bQQ6TmKKyYJWIcMGKUpOsA==",
      "requires": {
        "tslib": "^2.1.0"
      }
    },
    "@thi.ng/compare": {
      "version": "1.3.28",
      "resolved": "https://registry.npmjs.org/@thi.ng/compare/-/compare-1.3.28.tgz",
      "integrity": "sha512-MYYPvbmjuopd5rQa2YyIhDHjlc8b9Xzdx368gUTcrOHG52RpSVMiTyCYWsnbfEbk/InIySrSvydkk526O3oL9A==",
      "requires": {
        "@thi.ng/api": "^7.1.4"
      }
    },
    "@thi.ng/compose": {
      "version": "1.4.30",
      "resolved": "https://registry.npmjs.org/@thi.ng/compose/-/compose-1.4.30.tgz",
      "integrity": "sha512-mWyXQiiPzw2hAh4Uv6uPW4f3/nNbbeKqABeYkU6f1J03iwcGBZvVo87//1kIEZ3b9XcCvyp463Y+Y+a1e1+0jA==",
      "requires": {
        "@thi.ng/api": "^7.1.4",
        "@thi.ng/errors": "^1.3.0"
      }
    },
    "@thi.ng/equiv": {
      "version": "1.0.41",
      "resolved": "https://registry.npmjs.org/@thi.ng/equiv/-/equiv-1.0.41.tgz",
      "integrity": "sha512-l8ME1MeNedVeVzJPxEgkjQs+q6WcIgLImSTCl/bNMpNKZB/niMZQ8nGXiSbuNT640bUpNGzOp4/GkRFnbRtrUw=="
    },
    "@thi.ng/errors": {
      "version": "1.3.0",
      "resolved": "https://registry.npmjs.org/@thi.ng/errors/-/errors-1.3.0.tgz",
      "integrity": "sha512-/0U6Weot0cTTRmuiaTbD+OK7bhU30S1g/yQ7ca882hIT9tj1p7ptCgivV8YtIKO4LvWjdNgtHrr5aPGObOMtsw=="
    },
    "@thi.ng/geom-api": {
      "version": "2.0.20",
      "resolved": "https://registry.npmjs.org/@thi.ng/geom-api/-/geom-api-2.0.20.tgz",
      "integrity": "sha512-eEXqpyPK/yGpY+4xHn5Dd3mKnw+NpF0NvtKavzKfJYcYfK+W7pLDh7Yrhg0p26cTeGoLtxmYip38ueuVYBV3Mw==",
      "requires": {
        "@thi.ng/api": "^7.1.4",
        "@thi.ng/vectors": "^6.0.0"
      }
    },
    "@thi.ng/geom-closest-point": {
      "version": "0.5.25",
      "resolved": "https://registry.npmjs.org/@thi.ng/geom-closest-point/-/geom-closest-point-0.5.25.tgz",
      "integrity": "sha512-irhfPCp0cO7NDXjxccEOAqxovnLnsULscq7vOQHEOBD9wMlRtMKNV3FTLAk5aE6g+i8w3B/MElAlUsrhr6iduw==",
      "requires": {
        "@thi.ng/api": "^7.1.4",
        "@thi.ng/math": "^4.0.0",
        "@thi.ng/vectors": "^6.0.0"
      }
    },
    "@thi.ng/geom-isec": {
      "version": "0.7.23",
      "resolved": "https://registry.npmjs.org/@thi.ng/geom-isec/-/geom-isec-0.7.23.tgz",
      "integrity": "sha512-IdDwrVDDP7pFTiR1/mUoIs9W7emgTsrruyu5l6S7z5ZwavhyWtf3Fagn2kX0kAb3p02jSZ97gjAqLjM5z2Htxw==",
      "requires": {
        "@thi.ng/api": "^7.1.4",
        "@thi.ng/geom-api": "^2.0.20",
        "@thi.ng/geom-closest-point": "^0.5.25",
        "@thi.ng/math": "^4.0.0",
        "@thi.ng/vectors": "^6.0.0"
      }
    },
    "@thi.ng/hex": {
      "version": "0.2.5",
      "resolved": "https://registry.npmjs.org/@thi.ng/hex/-/hex-0.2.5.tgz",
      "integrity": "sha512-ziJHsLH7zUBjDlZD+q+HszUVMfx9uFE+spSrRTSnt4/fCmXuUxn6hlMAskGifNGBzpE4LB40OG1nvE+0kSYdDw=="
    },
    "@thi.ng/math": {
      "version": "4.0.0",
      "resolved": "https://registry.npmjs.org/@thi.ng/math/-/math-4.0.0.tgz",
      "integrity": "sha512-vdp2GkuvTZpeQ4UYBOZN5pX/rA9vcojIIFEO27+QcDXb8nIYam5KGyrxMNBi1psri/NTBrqNY2pySeUIN2VBbw==",
      "requires": {
        "@thi.ng/api": "^7.1.4"
      }
    },
    "@thi.ng/memoize": {
      "version": "2.1.14",
      "resolved": "https://registry.npmjs.org/@thi.ng/memoize/-/memoize-2.1.14.tgz",
      "integrity": "sha512-smviKsir+Iy2fBLiRRbdSMD0mYoimfa7aQwI5bbdV7GEKIWYaLtf0W9YZ7J7V0Mb/g3VvAvREtzwPrYxLALB9w==",
      "requires": {
        "@thi.ng/api": "^7.1.4"
      }
    },
    "@thi.ng/random": {
      "version": "2.4.0",
      "resolved": "https://registry.npmjs.org/@thi.ng/random/-/random-2.4.0.tgz",
      "integrity": "sha512-f7XXnbWP24dd+/Ea21rLKwVsKyUMlnS5v+fytrMwNOnVEfHzTv/yf2tbCryojFyJQxuOeZ7i+1ocNwTWPsqPgg==",
      "requires": {
        "@thi.ng/api": "^7.1.4",
        "@thi.ng/checks": "^2.9.6",
        "@thi.ng/hex": "^0.2.5"
      }
    },
    "@thi.ng/transducers": {
      "version": "7.7.2",
      "resolved": "https://registry.npmjs.org/@thi.ng/transducers/-/transducers-7.7.2.tgz",
      "integrity": "sha512-w4Y0MuRsGvr6sff406XzGp6Oqij9CHc12XG5NfIxXKU9C4FKCcbfOHJ1Qz6hQsTf55z0qLaW31yvh05YA6joEQ==",
      "requires": {
        "@thi.ng/api": "^7.1.4",
        "@thi.ng/arrays": "^0.10.11",
        "@thi.ng/checks": "^2.9.6",
        "@thi.ng/compare": "^1.3.28",
        "@thi.ng/compose": "^1.4.30",
        "@thi.ng/errors": "^1.3.0",
        "@thi.ng/math": "^4.0.0",
        "@thi.ng/random": "^2.4.0"
      }
    },
    "@thi.ng/vectors": {
      "version": "6.0.0",
      "resolved": "https://registry.npmjs.org/@thi.ng/vectors/-/vectors-6.0.0.tgz",
      "integrity": "sha512-vgeD3eEmaNj4CcOSsh6xQlPC3PCogr/E6vJDGIe1Ib7i3mXOmjee/hzrXnv5B8bCOOC5KxDyBS2rSVZUfMXccw==",
      "requires": {
        "@thi.ng/api": "^7.1.4",
        "@thi.ng/binary": "^2.2.4",
        "@thi.ng/checks": "^2.9.6",
        "@thi.ng/equiv": "^1.0.41",
        "@thi.ng/errors": "^1.3.0",
        "@thi.ng/math": "^4.0.0",
        "@thi.ng/memoize": "^2.1.14",
        "@thi.ng/random": "^2.4.0",
        "@thi.ng/transducers": "^7.7.2"
      }
    },
    "@types/d3-delaunay": {
      "version": "5.3.0",
      "resolved": "https://registry.npmjs.org/@types/d3-delaunay/-/d3-delaunay-5.3.0.tgz",
      "integrity": "sha512-gJYcGxLu0xDZPccbUe32OUpeaNtd1Lz0NYJtko6ZLMyG2euF4pBzrsQXms67LHZCDFzzszw+dMhSL/QAML3bXw=="
    },
    "@types/geojson": {
      "version": "7946.0.7",
      "resolved": "https://registry.npmjs.org/@types/geojson/-/geojson-7946.0.7.tgz",
      "integrity": "sha512-wE2v81i4C4Ol09RtsWFAqg3BUitWbHSpSlIo+bNdsCJijO9sjme+zm+73ZMCa/qMC8UEERxzGbvmr1cffo2SiQ=="
    },
    "@types/isomorphic-fetch": {
      "version": "0.0.35",
      "resolved": "https://registry.npmjs.org/@types/isomorphic-fetch/-/isomorphic-fetch-0.0.35.tgz",
      "integrity": "sha512-DaZNUvLDCAnCTjgwxgiL1eQdxIKEpNLOlTNtAgnZc50bG2copGhRrFN9/PxPBuJe+tZVLCbQ7ls0xveXVRPkvw=="
    },
    "@types/leaflet": {
      "version": "1.7.0",
      "resolved": "https://registry.npmjs.org/@types/leaflet/-/leaflet-1.7.0.tgz",
      "integrity": "sha512-ltv5jR+VjKSMtoDkxH61Rsbo0zLU7iqyOXpVPkAX4F+79fg2eymC7t0msWsfNaEZO1FGTIQATCCCQe+ijWoicg==",
      "requires": {
        "@types/geojson": "*"
      }
    },
    "@types/ramda": {
      "version": "0.27.40",
      "resolved": "https://registry.npmjs.org/@types/ramda/-/ramda-0.27.40.tgz",
      "integrity": "sha512-V99ZfTH2tqVYdLDAlgh2uT+N074HPgqnAsMjALKSBqogYd0HbuuGMqNukJ6fk9Ml/Htaus76fsc4Yh3p7q1VdQ==",
      "dev": true,
      "requires": {
        "ts-toolbelt": "^6.15.1"
      }
    },
    "abort-controller": {
      "version": "3.0.0",
      "resolved": "https://registry.npmjs.org/abort-controller/-/abort-controller-3.0.0.tgz",
      "integrity": "sha512-h8lQ8tacZYnR3vNQTgibj+tODHI5/+l06Au2Pcriv/Gmet0eaj4TwWH41sO9wnHDiQsEj19q0drzdWdeAHtweg==",
      "requires": {
        "event-target-shim": "^5.0.0"
      }
    },
    "ajv": {
      "version": "8.5.0",
      "resolved": "https://registry.npmjs.org/ajv/-/ajv-8.5.0.tgz",
      "integrity": "sha512-Y2l399Tt1AguU3BPRP9Fn4eN+Or+StUGWCUpbnFyXSo8NZ9S4uj+AG2pjs5apK+ZMOwYOz1+a+VKvKH7CudXgQ==",
      "requires": {
        "fast-deep-equal": "^3.1.1",
        "json-schema-traverse": "^1.0.0",
        "require-from-string": "^2.0.2",
        "uri-js": "^4.2.2"
      }
    },
    "d3-delaunay": {
      "version": "5.3.0",
      "resolved": "https://registry.npmjs.org/d3-delaunay/-/d3-delaunay-5.3.0.tgz",
      "integrity": "sha512-amALSrOllWVLaHTnDLHwMIiz0d1bBu9gZXd1FiLfXf8sHcX9jrcj81TVZOqD4UX7MgBZZ07c8GxzEgBpJqc74w==",
      "requires": {
        "delaunator": "4"
      }
    },
    "delaunator": {
      "version": "4.0.1",
      "resolved": "https://registry.npmjs.org/delaunator/-/delaunator-4.0.1.tgz",
      "integrity": "sha512-WNPWi1IRKZfCt/qIDMfERkDp93+iZEmOxN2yy4Jg+Xhv8SLk2UTqqbe1sfiipn0and9QrE914/ihdx82Y/Giag=="
    },
    "event-target-shim": {
      "version": "5.0.1",
      "resolved": "https://registry.npmjs.org/event-target-shim/-/event-target-shim-5.0.1.tgz",
      "integrity": "sha512-i/2XbnSz/uxRCU6+NdVJgKWDTM427+MqYbkQzD321DuCQJUqOuJKIA0IM2+W2xtYHdKOmZ4dR6fExsd4SXL+WQ=="
    },
    "fast-deep-equal": {
      "version": "3.1.3",
      "resolved": "https://registry.npmjs.org/fast-deep-equal/-/fast-deep-equal-3.1.3.tgz",
      "integrity": "sha512-f3qQ9oQy9j2AhBe/H9VC91wLmKBCCU/gDOnKNAYG5hswO7BLKj09Hc5HYNz9cGI++xlpDCIgDaitVs03ATR84Q=="
    },
    "isomorphic-fetch": {
      "version": "3.0.0",
      "resolved": "https://registry.npmjs.org/isomorphic-fetch/-/isomorphic-fetch-3.0.0.tgz",
      "integrity": "sha512-qvUtwJ3j6qwsF3jLxkZ72qCgjMysPzDfeV240JHiGZsANBYd+EEuu35v7dfrJ9Up0Ak07D7GGSkGhCHTqg/5wA==",
      "requires": {
        "node-fetch": "^2.6.1",
        "whatwg-fetch": "^3.4.1"
      }
    },
    "json-schema-traverse": {
      "version": "1.0.0",
      "resolved": "https://registry.npmjs.org/json-schema-traverse/-/json-schema-traverse-1.0.0.tgz",
      "integrity": "sha512-NM8/P9n3XjXhIZn1lLhkFaACTOURQXjWhV4BA/RnOv8xvgqtqpAX9IO4mRQxSx1Rlo4tqzeqb0sOlruaOy3dug=="
    },
    "leaflet": {
      "version": "1.7.1",
      "resolved": "https://registry.npmjs.org/leaflet/-/leaflet-1.7.1.tgz",
      "integrity": "sha512-/xwPEBidtg69Q3HlqPdU3DnrXQOvQU/CCHA1tcDQVzOwm91YMYaILjNp7L4Eaw5Z4sOYdbBz6koWyibppd8Zqw=="
    },
    "loglevel": {
      "version": "1.7.1",
      "resolved": "https://registry.npmjs.org/loglevel/-/loglevel-1.7.1.tgz",
      "integrity": "sha512-Hesni4s5UkWkwCGJMQGAh71PaLUmKFM60dHvq0zi/vDhhrzuk+4GgNbTXJ12YYQJn6ZKBDNIjYcuQGKudvqrIw=="
    },
    "moment": {
      "version": "2.29.1",
      "resolved": "https://registry.npmjs.org/moment/-/moment-2.29.1.tgz",
      "integrity": "sha512-kHmoybcPV8Sqy59DwNDY3Jefr64lK/by/da0ViFcuA4DH0vQg5Q6Ze5VimxkfQNSC+Mls/Kx53s7TjP1RhFEDQ=="
    },
    "moment-timezone": {
      "version": "0.5.33",
      "resolved": "https://registry.npmjs.org/moment-timezone/-/moment-timezone-0.5.33.tgz",
      "integrity": "sha512-PTc2vcT8K9J5/9rDEPe5czSIKgLoGsH8UNpA4qZTVw0Vd/Uz19geE9abbIOQKaAQFcnQ3v5YEXrbSc5BpshH+w==",
      "requires": {
        "moment": ">= 2.9.0"
      }
    },
    "nanoid": {
      "version": "2.1.11",
      "resolved": "https://registry.npmjs.org/nanoid/-/nanoid-2.1.11.tgz",
      "integrity": "sha512-s/snB+WGm6uwi0WjsZdaVcuf3KJXlfGl2LcxgwkEwJF0D/BWzVWAZW/XY4bFaiR7s0Jk3FPvlnepg1H1b1UwlA=="
    },
    "node-fetch": {
      "version": "2.6.1",
      "resolved": "https://registry.npmjs.org/node-fetch/-/node-fetch-2.6.1.tgz",
      "integrity": "sha512-V4aYg89jEoVRxRb2fJdAg8FHvI7cEyYdVAh94HH0UIK8oJxUfkjlDQN9RbMx+bEjP7+ggMiFRprSti032Oipxw=="
    },
    "polygon-clipping": {
      "version": "0.15.3",
      "resolved": "https://registry.npmjs.org/polygon-clipping/-/polygon-clipping-0.15.3.tgz",
      "integrity": "sha512-ho0Xx5DLkgxRx/+n4O74XyJ67DcyN3Tu9bGYKsnTukGAW6ssnuak6Mwcyb1wHy9MZc9xsUWqIoiazkZB5weECg==",
      "requires": {
        "splaytree": "^3.1.0"
      }
    },
    "punycode": {
      "version": "2.1.1",
      "resolved": "https://registry.npmjs.org/punycode/-/punycode-2.1.1.tgz",
      "integrity": "sha512-XRsRjdf+j5ml+y/6GKHPZbrF/8p2Yga0JPtdqTIY2Xe5ohJPD9saDJJLPvp9+NSBprVvevdXZybnj2cv8OEd0A=="
    },
    "ramda": {
      "version": "0.27.1",
      "resolved": "https://registry.npmjs.org/ramda/-/ramda-0.27.1.tgz",
      "integrity": "sha512-PgIdVpn5y5Yns8vqb8FzBUEYn98V3xcPgawAkkgj0YJ0qDsnHCiNmZYfOGMgOvoB0eWFLpYbhxUR3mxfDIMvpw=="
    },
    "require-from-string": {
      "version": "2.0.2",
      "resolved": "https://registry.npmjs.org/require-from-string/-/require-from-string-2.0.2.tgz",
      "integrity": "sha512-Xf0nWe6RseziFMu+Ap9biiUbmplq6S9/p+7w7YXP/JBHhrUDDUhwa+vANyubuqfZWTveU//DYVGsDG7RKL/vEw=="
    },
    "shortid": {
      "version": "2.2.16",
      "resolved": "https://registry.npmjs.org/shortid/-/shortid-2.2.16.tgz",
      "integrity": "sha512-Ugt+GIZqvGXCIItnsL+lvFJOiN7RYqlGy7QE41O3YC1xbNSeDGIRO7xg2JJXIAj1cAGnOeC1r7/T9pgrtQbv4g==",
      "requires": {
        "nanoid": "^2.1.0"
      }
    },
    "splaytree": {
      "version": "3.1.0",
      "resolved": "https://registry.npmjs.org/splaytree/-/splaytree-3.1.0.tgz",
      "integrity": "sha512-gvUGR7xnOy0fLKTCxDeUZYgU/I1Tdf8M/lM1Qrf8L2TIOR5ipZjGk02uYcdv0o2x7WjVRgpm3iS2clLyuVAt0Q=="
    },
    "ts-toolbelt": {
      "version": "6.15.5",
      "resolved": "https://registry.npmjs.org/ts-toolbelt/-/ts-toolbelt-6.15.5.tgz",
      "integrity": "sha512-FZIXf1ksVyLcfr7M317jbB67XFJhOO1YqdTcuGaq9q5jLUoTikukZ+98TPjKiP2jC5CgmYdWWYs0s2nLSU0/1A==",
      "dev": true
    },
    "tslib": {
      "version": "2.2.0",
      "resolved": "https://registry.npmjs.org/tslib/-/tslib-2.2.0.tgz",
      "integrity": "sha512-gS9GVHRU+RGn5KQM2rllAlR3dU6m7AcpJKdtH8gFvQiC4Otgk98XnmMU+nZenHt/+VhnBPWwgrJsyrdcw6i23w=="
    },
    "typescript": {
      "version": "4.2.4",
      "resolved": "https://registry.npmjs.org/typescript/-/typescript-4.2.4.tgz",
      "integrity": "sha512-V+evlYHZnQkaz8TRBuxTA92yZBPotr5H+WhQ7bD3hZUndx5tGOa1fuCgeSjxAzM1RiN5IzvadIXTVefuuwZCRg==",
      "dev": true
    },
    "uri-js": {
      "version": "4.4.1",
      "resolved": "https://registry.npmjs.org/uri-js/-/uri-js-4.4.1.tgz",
      "integrity": "sha512-7rKUyy33Q1yc98pQ1DAmLtwX109F7TIfWlW1Ydo8Wl1ii1SeHieeh0HHfPeL2fMXK6z0s8ecKs9frCuLJvndBg==",
      "requires": {
        "punycode": "^2.1.0"
      }
    },
    "whatwg-fetch": {
      "version": "3.5.0",
      "resolved": "https://registry.npmjs.org/whatwg-fetch/-/whatwg-fetch-3.5.0.tgz",
      "integrity": "sha512-jXkLtsR42xhXg7akoDKvKWE40eJeI+2KZqcp2h3NsOrRnDvtWX36KcKl30dy+hxECivdk2BVUHVNrPtoMBUx6A=="
    }
  }
}
